// !$*UTF8*$!
{
	archiveVersion = 1;
	classes = {
	};
	objectVersion = 56;
	objects = {

/* Begin PBXBuildFile section */
		2D27FFB22BBB200F0040EF9A /* DetailView.swift in Sources */ = {isa = PBXBuildFile; fileRef = 2D27FFB12BBB200F0040EF9A /* DetailView.swift */; };
		2D29A9962BB9FB7D00DB0F7E /* Metro Now.app in Embed Watch Content */ = {isa = PBXBuildFile; fileRef = 2D29A9952BB9FB7D00DB0F7E /* Metro Now.app */; settings = {ATTRIBUTES = (RemoveHeadersOnCopy, ); }; };
		2D29A99B2BB9FB7D00DB0F7E /* MetroMateApp.swift in Sources */ = {isa = PBXBuildFile; fileRef = 2D29A99A2BB9FB7D00DB0F7E /* MetroMateApp.swift */; };
		2D29A99D2BB9FB7D00DB0F7E /* ContentView.swift in Sources */ = {isa = PBXBuildFile; fileRef = 2D29A99C2BB9FB7D00DB0F7E /* ContentView.swift */; };
		2D29A99F2BB9FB7E00DB0F7E /* Assets.xcassets in Resources */ = {isa = PBXBuildFile; fileRef = 2D29A99E2BB9FB7E00DB0F7E /* Assets.xcassets */; };
		2D29A9A22BB9FB7E00DB0F7E /* Preview Assets.xcassets in Resources */ = {isa = PBXBuildFile; fileRef = 2D29A9A12BB9FB7E00DB0F7E /* Preview Assets.xcassets */; };
		2D29A9AF2BB9FC3600DB0F7E /* stations.json in Resources */ = {isa = PBXBuildFile; fileRef = 2D29A9AE2BB9FC3600DB0F7E /* stations.json */; };
		2D29A9B02BB9FC3600DB0F7E /* stations.json in Resources */ = {isa = PBXBuildFile; fileRef = 2D29A9AE2BB9FC3600DB0F7E /* stations.json */; };
		2D29A9B62BB9FE6300DB0F7E /* stations.swift in Sources */ = {isa = PBXBuildFile; fileRef = 2D29A9B52BB9FE6300DB0F7E /* stations.swift */; };
		2D29A9B82BB9FEE200DB0F7E /* lines.utils.swift in Sources */ = {isa = PBXBuildFile; fileRef = 2D29A9B72BB9FEE200DB0F7E /* lines.utils.swift */; };
		2D29A9BA2BBA01A000DB0F7E /* name.utils.swift in Sources */ = {isa = PBXBuildFile; fileRef = 2D29A9B92BBA01A000DB0F7E /* name.utils.swift */; };
		2D29A9BD2BBA053A00DB0F7E /* SettingsView.swift in Sources */ = {isa = PBXBuildFile; fileRef = 2D29A9BC2BBA053A00DB0F7E /* SettingsView.swift */; };
		2D29A9C12BBA09AF00DB0F7E /* location.manager.swift in Sources */ = {isa = PBXBuildFile; fileRef = 2D29A9C02BBA09AF00DB0F7E /* location.manager.swift */; };
		2D29A9C32BBA0A7C00DB0F7E /* RequestAccessToLocationView.swift in Sources */ = {isa = PBXBuildFile; fileRef = 2D29A9C22BBA0A7C00DB0F7E /* RequestAccessToLocationView.swift */; };
		2D29A9C52BBA0EBD00DB0F7E /* LoadingView.swift in Sources */ = {isa = PBXBuildFile; fileRef = 2D29A9C42BBA0EBD00DB0F7E /* LoadingView.swift */; };
		2D29A9C72BBA167B00DB0F7E /* location.utils.swift in Sources */ = {isa = PBXBuildFile; fileRef = 2D29A9C62BBA167B00DB0F7E /* location.utils.swift */; };
		2D29A9CB2BBA1A7D00DB0F7E /* departure.swift in Sources */ = {isa = PBXBuildFile; fileRef = 2D29A9CA2BBA1A7D00DB0F7E /* departure.swift */; };
		2D29A9CD2BBA1B9900DB0F7E /* env.swift in Sources */ = {isa = PBXBuildFile; fileRef = 2D29A9CC2BBA1B9900DB0F7E /* env.swift */; };
		2D29A9CF2BBA1D7F00DB0F7E /* fetch-departures.swift in Sources */ = {isa = PBXBuildFile; fileRef = 2D29A9CE2BBA1D7F00DB0F7E /* fetch-departures.swift */; };
		2D29A9D32BBA26F300DB0F7E /* NoDeparturesView.swift in Sources */ = {isa = PBXBuildFile; fileRef = 2D29A9D22BBA26F300DB0F7E /* NoDeparturesView.swift */; };
		2D29A9D52BBA2CC400DB0F7E /* CountdownView.swift in Sources */ = {isa = PBXBuildFile; fileRef = 2D29A9D42BBA2CC400DB0F7E /* CountdownView.swift */; };
/* End PBXBuildFile section */

/* Begin PBXContainerItemProxy section */
		2D29A9972BB9FB7D00DB0F7E /* PBXContainerItemProxy */ = {
			isa = PBXContainerItemProxy;
			containerPortal = 2D29A9892BB9FB7D00DB0F7E /* Project object */;
			proxyType = 1;
			remoteGlobalIDString = 2D29A9942BB9FB7D00DB0F7E;
			remoteInfo = "MetroMate Watch App";
		};
/* End PBXContainerItemProxy section */

/* Begin PBXCopyFilesBuildPhase section */
		2D29A9A82BB9FB7E00DB0F7E /* Embed Watch Content */ = {
			isa = PBXCopyFilesBuildPhase;
			buildActionMask = 2147483647;
			dstPath = "$(CONTENTS_FOLDER_PATH)/Watch";
			dstSubfolderSpec = 16;
			files = (
				2D29A9962BB9FB7D00DB0F7E /* Metro Now.app in Embed Watch Content */,
			);
			name = "Embed Watch Content";
			runOnlyForDeploymentPostprocessing = 0;
		};
/* End PBXCopyFilesBuildPhase section */

/* Begin PBXFileReference section */
		2D27FFB12BBB200F0040EF9A /* DetailView.swift */ = {isa = PBXFileReference; lastKnownFileType = sourcecode.swift; path = DetailView.swift; sourceTree = "<group>"; };
		2D29A98F2BB9FB7D00DB0F7E /* MetroMate.app */ = {isa = PBXFileReference; explicitFileType = wrapper.application; includeInIndex = 0; path = MetroMate.app; sourceTree = BUILT_PRODUCTS_DIR; };
		2D29A9952BB9FB7D00DB0F7E /* Metro Now.app */ = {isa = PBXFileReference; explicitFileType = wrapper.application; includeInIndex = 0; path = "Metro Now.app"; sourceTree = BUILT_PRODUCTS_DIR; };
		2D29A99A2BB9FB7D00DB0F7E /* MetroMateApp.swift */ = {isa = PBXFileReference; lastKnownFileType = sourcecode.swift; path = MetroMateApp.swift; sourceTree = "<group>"; };
		2D29A99C2BB9FB7D00DB0F7E /* ContentView.swift */ = {isa = PBXFileReference; lastKnownFileType = sourcecode.swift; path = ContentView.swift; sourceTree = "<group>"; };
		2D29A99E2BB9FB7E00DB0F7E /* Assets.xcassets */ = {isa = PBXFileReference; lastKnownFileType = folder.assetcatalog; path = Assets.xcassets; sourceTree = "<group>"; };
		2D29A9A12BB9FB7E00DB0F7E /* Preview Assets.xcassets */ = {isa = PBXFileReference; lastKnownFileType = folder.assetcatalog; path = "Preview Assets.xcassets"; sourceTree = "<group>"; };
		2D29A9AE2BB9FC3600DB0F7E /* stations.json */ = {isa = PBXFileReference; lastKnownFileType = text.json; path = stations.json; sourceTree = "<group>"; };
		2D29A9B52BB9FE6300DB0F7E /* stations.swift */ = {isa = PBXFileReference; lastKnownFileType = sourcecode.swift; path = stations.swift; sourceTree = "<group>"; };
		2D29A9B72BB9FEE200DB0F7E /* lines.utils.swift */ = {isa = PBXFileReference; lastKnownFileType = sourcecode.swift; path = lines.utils.swift; sourceTree = "<group>"; };
		2D29A9B92BBA01A000DB0F7E /* name.utils.swift */ = {isa = PBXFileReference; lastKnownFileType = sourcecode.swift; path = name.utils.swift; sourceTree = "<group>"; };
		2D29A9BC2BBA053A00DB0F7E /* SettingsView.swift */ = {isa = PBXFileReference; lastKnownFileType = sourcecode.swift; path = SettingsView.swift; sourceTree = "<group>"; };
		2D29A9C02BBA09AF00DB0F7E /* location.manager.swift */ = {isa = PBXFileReference; lastKnownFileType = sourcecode.swift; path = location.manager.swift; sourceTree = "<group>"; };
		2D29A9C22BBA0A7C00DB0F7E /* RequestAccessToLocationView.swift */ = {isa = PBXFileReference; lastKnownFileType = sourcecode.swift; path = RequestAccessToLocationView.swift; sourceTree = "<group>"; };
		2D29A9C42BBA0EBD00DB0F7E /* LoadingView.swift */ = {isa = PBXFileReference; lastKnownFileType = sourcecode.swift; path = LoadingView.swift; sourceTree = "<group>"; };
		2D29A9C62BBA167B00DB0F7E /* location.utils.swift */ = {isa = PBXFileReference; lastKnownFileType = sourcecode.swift; path = location.utils.swift; sourceTree = "<group>"; };
		2D29A9CA2BBA1A7D00DB0F7E /* departure.swift */ = {isa = PBXFileReference; lastKnownFileType = sourcecode.swift; path = departure.swift; sourceTree = "<group>"; };
		2D29A9CC2BBA1B9900DB0F7E /* env.swift */ = {isa = PBXFileReference; lastKnownFileType = sourcecode.swift; path = env.swift; sourceTree = "<group>"; };
		2D29A9CE2BBA1D7F00DB0F7E /* fetch-departures.swift */ = {isa = PBXFileReference; lastKnownFileType = sourcecode.swift; path = "fetch-departures.swift"; sourceTree = "<group>"; };
		2D29A9D22BBA26F300DB0F7E /* NoDeparturesView.swift */ = {isa = PBXFileReference; lastKnownFileType = sourcecode.swift; path = NoDeparturesView.swift; sourceTree = "<group>"; };
		2D29A9D42BBA2CC400DB0F7E /* CountdownView.swift */ = {isa = PBXFileReference; lastKnownFileType = sourcecode.swift; path = CountdownView.swift; sourceTree = "<group>"; };
/* End PBXFileReference section */

/* Begin PBXFrameworksBuildPhase section */
		2D29A9922BB9FB7D00DB0F7E /* Frameworks */ = {
			isa = PBXFrameworksBuildPhase;
			buildActionMask = 2147483647;
			files = (
			);
			runOnlyForDeploymentPostprocessing = 0;
		};
/* End PBXFrameworksBuildPhase section */

/* Begin PBXGroup section */
		2D29A9882BB9FB7D00DB0F7E = {
			isa = PBXGroup;
			children = (
				2D29A9CC2BBA1B9900DB0F7E /* env.swift */,
				2D29A9992BB9FB7D00DB0F7E /* MetroMate Watch App */,
				2D29A9902BB9FB7D00DB0F7E /* Products */,
			);
			sourceTree = "<group>";
		};
		2D29A9902BB9FB7D00DB0F7E /* Products */ = {
			isa = PBXGroup;
			children = (
				2D29A98F2BB9FB7D00DB0F7E /* MetroMate.app */,
				2D29A9952BB9FB7D00DB0F7E /* Metro Now.app */,
			);
			name = Products;
			sourceTree = "<group>";
		};
		2D29A9992BB9FB7D00DB0F7E /* MetroMate Watch App */ = {
			isa = PBXGroup;
			children = (
				2D29A99A2BB9FB7D00DB0F7E /* MetroMateApp.swift */,
				2D29A9C92BBA1A4900DB0F7E /* departures */,
				2D29A9BB2BBA050D00DB0F7E /* views */,
				2D29A9C82BBA169200DB0F7E /* location */,
				2D29A9B12BB9FDDC00DB0F7E /* stations */,
				2D29A9B72BB9FEE200DB0F7E /* lines.utils.swift */,
				2D29A9B92BBA01A000DB0F7E /* name.utils.swift */,
				2D29A99E2BB9FB7E00DB0F7E /* Assets.xcassets */,
				2D29A9A02BB9FB7E00DB0F7E /* Preview Content */,
			);
			path = "MetroMate Watch App";
			sourceTree = "<group>";
		};
		2D29A9A02BB9FB7E00DB0F7E /* Preview Content */ = {
			isa = PBXGroup;
			children = (
				2D29A9A12BB9FB7E00DB0F7E /* Preview Assets.xcassets */,
			);
			path = "Preview Content";
			sourceTree = "<group>";
		};
		2D29A9B12BB9FDDC00DB0F7E /* stations */ = {
			isa = PBXGroup;
			children = (
				2D29A9AE2BB9FC3600DB0F7E /* stations.json */,
				2D29A9B52BB9FE6300DB0F7E /* stations.swift */,
			);
			path = stations;
			sourceTree = "<group>";
		};
		2D29A9BB2BBA050D00DB0F7E /* views */ = {
			isa = PBXGroup;
			children = (
				2D29A9C42BBA0EBD00DB0F7E /* LoadingView.swift */,
				2D29A99C2BB9FB7D00DB0F7E /* ContentView.swift */,
				2D27FFB12BBB200F0040EF9A /* DetailView.swift */,
				2D29A9D42BBA2CC400DB0F7E /* CountdownView.swift */,
				2D29A9D22BBA26F300DB0F7E /* NoDeparturesView.swift */,
				2D29A9BC2BBA053A00DB0F7E /* SettingsView.swift */,
				2D29A9C22BBA0A7C00DB0F7E /* RequestAccessToLocationView.swift */,
			);
			path = views;
			sourceTree = "<group>";
		};
		2D29A9C82BBA169200DB0F7E /* location */ = {
			isa = PBXGroup;
			children = (
				2D29A9C02BBA09AF00DB0F7E /* location.manager.swift */,
				2D29A9C62BBA167B00DB0F7E /* location.utils.swift */,
			);
			path = location;
			sourceTree = "<group>";
		};
		2D29A9C92BBA1A4900DB0F7E /* departures */ = {
			isa = PBXGroup;
			children = (
				2D29A9CA2BBA1A7D00DB0F7E /* departure.swift */,
				2D29A9CE2BBA1D7F00DB0F7E /* fetch-departures.swift */,
			);
			path = departures;
			sourceTree = "<group>";
		};
/* End PBXGroup section */

/* Begin PBXNativeTarget section */
		2D29A98E2BB9FB7D00DB0F7E /* MetroMate */ = {
			isa = PBXNativeTarget;
			buildConfigurationList = 2D29A9A92BB9FB7E00DB0F7E /* Build configuration list for PBXNativeTarget "MetroMate" */;
			buildPhases = (
				2D29A98D2BB9FB7D00DB0F7E /* Resources */,
				2D29A9A82BB9FB7E00DB0F7E /* Embed Watch Content */,
			);
			buildRules = (
			);
			dependencies = (
				2D29A9982BB9FB7D00DB0F7E /* PBXTargetDependency */,
			);
			name = MetroMate;
			productName = MetroMate;
			productReference = 2D29A98F2BB9FB7D00DB0F7E /* MetroMate.app */;
			productType = "com.apple.product-type.application.watchapp2-container";
		};
		2D29A9942BB9FB7D00DB0F7E /* MetroMate Watch App */ = {
			isa = PBXNativeTarget;
			buildConfigurationList = 2D29A9A52BB9FB7E00DB0F7E /* Build configuration list for PBXNativeTarget "MetroMate Watch App" */;
			buildPhases = (
				2D29A9912BB9FB7D00DB0F7E /* Sources */,
				2D29A9922BB9FB7D00DB0F7E /* Frameworks */,
				2D29A9932BB9FB7D00DB0F7E /* Resources */,
			);
			buildRules = (
			);
			dependencies = (
			);
			name = "MetroMate Watch App";
			productName = "MetroMate Watch App";
			productReference = 2D29A9952BB9FB7D00DB0F7E /* Metro Now.app */;
			productType = "com.apple.product-type.application";
		};
/* End PBXNativeTarget section */

/* Begin PBXProject section */
		2D29A9892BB9FB7D00DB0F7E /* Project object */ = {
			isa = PBXProject;
			attributes = {
				BuildIndependentTargetsInParallel = 1;
				LastSwiftUpdateCheck = 1530;
				LastUpgradeCheck = 1530;
				TargetAttributes = {
					2D29A98E2BB9FB7D00DB0F7E = {
						CreatedOnToolsVersion = 15.3;
						LastSwiftMigration = 1530;
					};
					2D29A9942BB9FB7D00DB0F7E = {
						CreatedOnToolsVersion = 15.3;
					};
				};
			};
			buildConfigurationList = 2D29A98C2BB9FB7D00DB0F7E /* Build configuration list for PBXProject "MetroMate" */;
			compatibilityVersion = "Xcode 14.0";
			developmentRegion = en;
			hasScannedForEncodings = 0;
			knownRegions = (
				en,
				Base,
			);
			mainGroup = 2D29A9882BB9FB7D00DB0F7E;
			productRefGroup = 2D29A9902BB9FB7D00DB0F7E /* Products */;
			projectDirPath = "";
			projectRoot = "";
			targets = (
				2D29A98E2BB9FB7D00DB0F7E /* MetroMate */,
				2D29A9942BB9FB7D00DB0F7E /* MetroMate Watch App */,
			);
		};
/* End PBXProject section */

/* Begin PBXResourcesBuildPhase section */
		2D29A98D2BB9FB7D00DB0F7E /* Resources */ = {
			isa = PBXResourcesBuildPhase;
			buildActionMask = 2147483647;
			files = (
				2D29A9AF2BB9FC3600DB0F7E /* stations.json in Resources */,
			);
			runOnlyForDeploymentPostprocessing = 0;
		};
		2D29A9932BB9FB7D00DB0F7E /* Resources */ = {
			isa = PBXResourcesBuildPhase;
			buildActionMask = 2147483647;
			files = (
				2D29A9A22BB9FB7E00DB0F7E /* Preview Assets.xcassets in Resources */,
				2D29A99F2BB9FB7E00DB0F7E /* Assets.xcassets in Resources */,
				2D29A9B02BB9FC3600DB0F7E /* stations.json in Resources */,
			);
			runOnlyForDeploymentPostprocessing = 0;
		};
/* End PBXResourcesBuildPhase section */

/* Begin PBXSourcesBuildPhase section */
		2D29A9912BB9FB7D00DB0F7E /* Sources */ = {
			isa = PBXSourcesBuildPhase;
			buildActionMask = 2147483647;
			files = (
				2D29A9C12BBA09AF00DB0F7E /* location.manager.swift in Sources */,
				2D29A99D2BB9FB7D00DB0F7E /* ContentView.swift in Sources */,
				2D29A9C32BBA0A7C00DB0F7E /* RequestAccessToLocationView.swift in Sources */,
				2D29A9D32BBA26F300DB0F7E /* NoDeparturesView.swift in Sources */,
				2D29A9CF2BBA1D7F00DB0F7E /* fetch-departures.swift in Sources */,
				2D29A9B82BB9FEE200DB0F7E /* lines.utils.swift in Sources */,
				2D29A9D52BBA2CC400DB0F7E /* CountdownView.swift in Sources */,
				2D29A9CB2BBA1A7D00DB0F7E /* departure.swift in Sources */,
				2D29A9CD2BBA1B9900DB0F7E /* env.swift in Sources */,
				2D27FFB22BBB200F0040EF9A /* DetailView.swift in Sources */,
				2D29A9BA2BBA01A000DB0F7E /* name.utils.swift in Sources */,
				2D29A9C72BBA167B00DB0F7E /* location.utils.swift in Sources */,
				2D29A9BD2BBA053A00DB0F7E /* SettingsView.swift in Sources */,
				2D29A9B62BB9FE6300DB0F7E /* stations.swift in Sources */,
				2D29A99B2BB9FB7D00DB0F7E /* MetroMateApp.swift in Sources */,
				2D29A9C52BBA0EBD00DB0F7E /* LoadingView.swift in Sources */,
			);
			runOnlyForDeploymentPostprocessing = 0;
		};
/* End PBXSourcesBuildPhase section */

/* Begin PBXTargetDependency section */
		2D29A9982BB9FB7D00DB0F7E /* PBXTargetDependency */ = {
			isa = PBXTargetDependency;
			target = 2D29A9942BB9FB7D00DB0F7E /* MetroMate Watch App */;
			targetProxy = 2D29A9972BB9FB7D00DB0F7E /* PBXContainerItemProxy */;
		};
/* End PBXTargetDependency section */

/* Begin XCBuildConfiguration section */
		2D29A9A32BB9FB7E00DB0F7E /* Debug */ = {
			isa = XCBuildConfiguration;
			buildSettings = {
				ALWAYS_SEARCH_USER_PATHS = NO;
				ASSETCATALOG_COMPILER_GENERATE_SWIFT_ASSET_SYMBOL_EXTENSIONS = YES;
				CLANG_ANALYZER_NONNULL = YES;
				CLANG_ANALYZER_NUMBER_OBJECT_CONVERSION = YES_AGGRESSIVE;
				CLANG_CXX_LANGUAGE_STANDARD = "gnu++20";
				CLANG_ENABLE_MODULES = YES;
				CLANG_ENABLE_OBJC_ARC = YES;
				CLANG_ENABLE_OBJC_WEAK = YES;
				CLANG_WARN_BLOCK_CAPTURE_AUTORELEASING = YES;
				CLANG_WARN_BOOL_CONVERSION = YES;
				CLANG_WARN_COMMA = YES;
				CLANG_WARN_CONSTANT_CONVERSION = YES;
				CLANG_WARN_DEPRECATED_OBJC_IMPLEMENTATIONS = YES;
				CLANG_WARN_DIRECT_OBJC_ISA_USAGE = YES_ERROR;
				CLANG_WARN_DOCUMENTATION_COMMENTS = YES;
				CLANG_WARN_EMPTY_BODY = YES;
				CLANG_WARN_ENUM_CONVERSION = YES;
				CLANG_WARN_INFINITE_RECURSION = YES;
				CLANG_WARN_INT_CONVERSION = YES;
				CLANG_WARN_NON_LITERAL_NULL_CONVERSION = YES;
				CLANG_WARN_OBJC_IMPLICIT_RETAIN_SELF = YES;
				CLANG_WARN_OBJC_LITERAL_CONVERSION = YES;
				CLANG_WARN_OBJC_ROOT_CLASS = YES_ERROR;
				CLANG_WARN_QUOTED_INCLUDE_IN_FRAMEWORK_HEADER = YES;
				CLANG_WARN_RANGE_LOOP_ANALYSIS = YES;
				CLANG_WARN_STRICT_PROTOTYPES = YES;
				CLANG_WARN_SUSPICIOUS_MOVE = YES;
				CLANG_WARN_UNGUARDED_AVAILABILITY = YES_AGGRESSIVE;
				CLANG_WARN_UNREACHABLE_CODE = YES;
				CLANG_WARN__DUPLICATE_METHOD_MATCH = YES;
				COPY_PHASE_STRIP = NO;
				DEBUG_INFORMATION_FORMAT = dwarf;
				ENABLE_STRICT_OBJC_MSGSEND = YES;
				ENABLE_TESTABILITY = YES;
				ENABLE_USER_SCRIPT_SANDBOXING = YES;
				GCC_C_LANGUAGE_STANDARD = gnu17;
				GCC_DYNAMIC_NO_PIC = NO;
				GCC_NO_COMMON_BLOCKS = YES;
				GCC_OPTIMIZATION_LEVEL = 0;
				GCC_PREPROCESSOR_DEFINITIONS = (
					"DEBUG=1",
					"$(inherited)",
				);
				GCC_WARN_64_TO_32_BIT_CONVERSION = YES;
				GCC_WARN_ABOUT_RETURN_TYPE = YES_ERROR;
				GCC_WARN_UNDECLARED_SELECTOR = YES;
				GCC_WARN_UNINITIALIZED_AUTOS = YES_AGGRESSIVE;
				GCC_WARN_UNUSED_FUNCTION = YES;
				GCC_WARN_UNUSED_VARIABLE = YES;
				LOCALIZATION_PREFERS_STRING_CATALOGS = YES;
				MTL_ENABLE_DEBUG_INFO = INCLUDE_SOURCE;
				MTL_FAST_MATH = YES;
				ONLY_ACTIVE_ARCH = YES;
				SWIFT_ACTIVE_COMPILATION_CONDITIONS = "DEBUG $(inherited)";
				SWIFT_OPTIMIZATION_LEVEL = "-Onone";
			};
			name = Debug;
		};
		2D29A9A42BB9FB7E00DB0F7E /* Release */ = {
			isa = XCBuildConfiguration;
			buildSettings = {
				ALWAYS_SEARCH_USER_PATHS = NO;
				ASSETCATALOG_COMPILER_GENERATE_SWIFT_ASSET_SYMBOL_EXTENSIONS = YES;
				CLANG_ANALYZER_NONNULL = YES;
				CLANG_ANALYZER_NUMBER_OBJECT_CONVERSION = YES_AGGRESSIVE;
				CLANG_CXX_LANGUAGE_STANDARD = "gnu++20";
				CLANG_ENABLE_MODULES = YES;
				CLANG_ENABLE_OBJC_ARC = YES;
				CLANG_ENABLE_OBJC_WEAK = YES;
				CLANG_WARN_BLOCK_CAPTURE_AUTORELEASING = YES;
				CLANG_WARN_BOOL_CONVERSION = YES;
				CLANG_WARN_COMMA = YES;
				CLANG_WARN_CONSTANT_CONVERSION = YES;
				CLANG_WARN_DEPRECATED_OBJC_IMPLEMENTATIONS = YES;
				CLANG_WARN_DIRECT_OBJC_ISA_USAGE = YES_ERROR;
				CLANG_WARN_DOCUMENTATION_COMMENTS = YES;
				CLANG_WARN_EMPTY_BODY = YES;
				CLANG_WARN_ENUM_CONVERSION = YES;
				CLANG_WARN_INFINITE_RECURSION = YES;
				CLANG_WARN_INT_CONVERSION = YES;
				CLANG_WARN_NON_LITERAL_NULL_CONVERSION = YES;
				CLANG_WARN_OBJC_IMPLICIT_RETAIN_SELF = YES;
				CLANG_WARN_OBJC_LITERAL_CONVERSION = YES;
				CLANG_WARN_OBJC_ROOT_CLASS = YES_ERROR;
				CLANG_WARN_QUOTED_INCLUDE_IN_FRAMEWORK_HEADER = YES;
				CLANG_WARN_RANGE_LOOP_ANALYSIS = YES;
				CLANG_WARN_STRICT_PROTOTYPES = YES;
				CLANG_WARN_SUSPICIOUS_MOVE = YES;
				CLANG_WARN_UNGUARDED_AVAILABILITY = YES_AGGRESSIVE;
				CLANG_WARN_UNREACHABLE_CODE = YES;
				CLANG_WARN__DUPLICATE_METHOD_MATCH = YES;
				COPY_PHASE_STRIP = NO;
				DEBUG_INFORMATION_FORMAT = "dwarf-with-dsym";
				ENABLE_NS_ASSERTIONS = NO;
				ENABLE_STRICT_OBJC_MSGSEND = YES;
				ENABLE_USER_SCRIPT_SANDBOXING = YES;
				GCC_C_LANGUAGE_STANDARD = gnu17;
				GCC_NO_COMMON_BLOCKS = YES;
				GCC_WARN_64_TO_32_BIT_CONVERSION = YES;
				GCC_WARN_ABOUT_RETURN_TYPE = YES_ERROR;
				GCC_WARN_UNDECLARED_SELECTOR = YES;
				GCC_WARN_UNINITIALIZED_AUTOS = YES_AGGRESSIVE;
				GCC_WARN_UNUSED_FUNCTION = YES;
				GCC_WARN_UNUSED_VARIABLE = YES;
				LOCALIZATION_PREFERS_STRING_CATALOGS = YES;
				MTL_ENABLE_DEBUG_INFO = NO;
				MTL_FAST_MATH = YES;
				SWIFT_COMPILATION_MODE = wholemodule;
			};
			name = Release;
		};
		2D29A9A62BB9FB7E00DB0F7E /* Debug */ = {
			isa = XCBuildConfiguration;
			buildSettings = {
				ASSETCATALOG_COMPILER_APPICON_NAME = AppIcon;
				ASSETCATALOG_COMPILER_GLOBAL_ACCENT_COLOR_NAME = AccentColor;
				CODE_SIGN_STYLE = Automatic;
				CURRENT_PROJECT_VERSION = 1;
				DEVELOPMENT_ASSET_PATHS = "\"MetroMate Watch App/Preview Content\"";
				DEVELOPMENT_TEAM = R6WU5ABNG2;
				ENABLE_PREVIEWS = YES;
				GENERATE_INFOPLIST_FILE = YES;
				INFOPLIST_KEY_NSLocationWhenInUseUsageDescription = "Location is used to determine closest metro station";
				INFOPLIST_KEY_UISupportedInterfaceOrientations = "UIInterfaceOrientationPortrait UIInterfaceOrientationPortraitUpsideDown";
				INFOPLIST_KEY_WKWatchOnly = YES;
				LD_RUNPATH_SEARCH_PATHS = (
					"$(inherited)",
					"@executable_path/Frameworks",
				);
				MARKETING_VERSION = 1.0;
				PRODUCT_BUNDLE_IDENTIFIER = com.krystof.metronow.watchkitapp;
				PRODUCT_NAME = "Metro Now";
				SDKROOT = watchos;
				SKIP_INSTALL = YES;
				SWIFT_EMIT_LOC_STRINGS = YES;
				SWIFT_VERSION = 5.0;
				TARGETED_DEVICE_FAMILY = 4;
				WATCHOS_DEPLOYMENT_TARGET = 10.4;
			};
			name = Debug;
		};
		2D29A9A72BB9FB7E00DB0F7E /* Release */ = {
			isa = XCBuildConfiguration;
			buildSettings = {
				ASSETCATALOG_COMPILER_APPICON_NAME = AppIcon;
				ASSETCATALOG_COMPILER_GLOBAL_ACCENT_COLOR_NAME = AccentColor;
				CODE_SIGN_STYLE = Automatic;
				CURRENT_PROJECT_VERSION = 1;
				DEVELOPMENT_ASSET_PATHS = "\"MetroMate Watch App/Preview Content\"";
				DEVELOPMENT_TEAM = R6WU5ABNG2;
				ENABLE_PREVIEWS = YES;
				GENERATE_INFOPLIST_FILE = YES;
				INFOPLIST_KEY_NSLocationWhenInUseUsageDescription = "Location is used to determine closest metro station";
				INFOPLIST_KEY_UISupportedInterfaceOrientations = "UIInterfaceOrientationPortrait UIInterfaceOrientationPortraitUpsideDown";
				INFOPLIST_KEY_WKWatchOnly = YES;
				LD_RUNPATH_SEARCH_PATHS = (
					"$(inherited)",
					"@executable_path/Frameworks",
				);
				MARKETING_VERSION = 1.0;
				PRODUCT_BUNDLE_IDENTIFIER = com.krystof.metronow.watchkitapp;
				PRODUCT_NAME = "Metro Now";
				SDKROOT = watchos;
				SKIP_INSTALL = YES;
				SWIFT_EMIT_LOC_STRINGS = YES;
				SWIFT_VERSION = 5.0;
				TARGETED_DEVICE_FAMILY = 4;
				VALIDATE_PRODUCT = YES;
				WATCHOS_DEPLOYMENT_TARGET = 10.4;
			};
			name = Release;
		};
		2D29A9AA2BB9FB7E00DB0F7E /* Debug */ = {
			isa = XCBuildConfiguration;
			buildSettings = {
				ALWAYS_EMBED_SWIFT_STANDARD_LIBRARIES = YES;
				CLANG_ENABLE_MODULES = YES;
				CODE_SIGN_STYLE = Automatic;
				CURRENT_PROJECT_VERSION = 1;
				DEVELOPMENT_TEAM = R6WU5ABNG2;
				INFOPLIST_KEY_CFBundleDisplayName = MetroMate;
				MARKETING_VERSION = 1.0;
				PRODUCT_BUNDLE_IDENTIFIER = com.krystof.metronow;
				PRODUCT_NAME = "$(TARGET_NAME)";
				SDKROOT = iphoneos;
				SWIFT_OBJC_BRIDGING_HEADER = "MetroMate Watch App/stations/MetroMate-Bridging-Header.h";
				SWIFT_OPTIMIZATION_LEVEL = "-Onone";
				SWIFT_VERSION = 5.0;
			};
			name = Debug;
		};
		2D29A9AB2BB9FB7E00DB0F7E /* Release */ = {
			isa = XCBuildConfiguration;
			buildSettings = {
				ALWAYS_EMBED_SWIFT_STANDARD_LIBRARIES = YES;
				CLANG_ENABLE_MODULES = YES;
				CODE_SIGN_STYLE = Automatic;
				CURRENT_PROJECT_VERSION = 1;
				DEVELOPMENT_TEAM = R6WU5ABNG2;
				INFOPLIST_KEY_CFBundleDisplayName = MetroMate;
				MARKETING_VERSION = 1.0;
				PRODUCT_BUNDLE_IDENTIFIER = com.krystof.metronow;
				PRODUCT_NAME = "$(TARGET_NAME)";
				SDKROOT = iphoneos;
				SWIFT_OBJC_BRIDGING_HEADER = "MetroMate Watch App/stations/MetroMate-Bridging-Header.h";
				SWIFT_VERSION = 5.0;
				VALIDATE_PRODUCT = YES;
			};
			name = Release;
		};
/* End XCBuildConfiguration section */

/* Begin XCConfigurationList section */
		2D29A98C2BB9FB7D00DB0F7E /* Build configuration list for PBXProject "MetroMate" */ = {
			isa = XCConfigurationList;
			buildConfigurations = (
				2D29A9A32BB9FB7E00DB0F7E /* Debug */,
				2D29A9A42BB9FB7E00DB0F7E /* Release */,
			);
			defaultConfigurationIsVisible = 0;
			defaultConfigurationName = Release;
		};
		2D29A9A52BB9FB7E00DB0F7E /* Build configuration list for PBXNativeTarget "MetroMate Watch App" */ = {
			isa = XCConfigurationList;
			buildConfigurations = (
				2D29A9A62BB9FB7E00DB0F7E /* Debug */,
				2D29A9A72BB9FB7E00DB0F7E /* Release */,
			);
			defaultConfigurationIsVisible = 0;
			defaultConfigurationName = Release;
		};
		2D29A9A92BB9FB7E00DB0F7E /* Build configuration list for PBXNativeTarget "MetroMate" */ = {
			isa = XCConfigurationList;
			buildConfigurations = (
				2D29A9AA2BB9FB7E00DB0F7E /* Debug */,
				2D29A9AB2BB9FB7E00DB0F7E /* Release */,
			);
			defaultConfigurationIsVisible = 0;
			defaultConfigurationName = Release;
		};
/* End XCConfigurationList section */
	};
	rootObject = 2D29A9892BB9FB7D00DB0F7E /* Project object */;
}
