// !$*UTF8*$!
{
	archiveVersion = 1;
	classes = {
	};
	objectVersion = 77;
	objects = {

/* Begin PBXBuildFile section */
		2D001BB92CC8099C00C6B4F8 /* metro-now Watch App.app in Embed Watch Content */ = {isa = PBXBuildFile; fileRef = 2D001BB82CC8099C00C6B4F8 /* metro-now Watch App.app */; settings = {ATTRIBUTES = (RemoveHeadersOnCopy, ); }; };
		2D27D2162DAC313B00B1F25D /* Apollo in Frameworks */ = {isa = PBXBuildFile; productRef = 2D27D2152DAC313B00B1F25D /* Apollo */; };
		2D27D2192DAC317700B1F25D /* MetroNowAPI in Frameworks */ = {isa = PBXBuildFile; productRef = 2D27D2182DAC317700B1F25D /* MetroNowAPI */; };
		2D27D21E2DAC31C000B1F25D /* Hello.graphql in Resources */ = {isa = PBXBuildFile; fileRef = 2D27D21B2DAC31C000B1F25D /* Hello.graphql */; };
		2D27D21F2DAC31C000B1F25D /* apollo-codegen-config.json in Resources */ = {isa = PBXBuildFile; fileRef = 2D27D21A2DAC31C000B1F25D /* apollo-codegen-config.json */; };
		2D27D2202DAC31C000B1F25D /* schema.graphqls in Resources */ = {isa = PBXBuildFile; fileRef = 2D27D21C2DAC31C000B1F25D /* schema.graphqls */; };
		2D27D2222DAC397300B1F25D /* Infotexts.graphql in Sources */ = {isa = PBXBuildFile; fileRef = 2D27D2212DAC397000B1F25D /* Infotexts.graphql */; };
		2D87C85F2CE8BACA00209DE6 /* Alamofire in Frameworks */ = {isa = PBXBuildFile; productRef = 2D87C85E2CE8BACA00209DE6 /* Alamofire */; };
		2D8EBE2E2CE93DC9004D5F5B /* Alamofire in Frameworks */ = {isa = PBXBuildFile; productRef = 2D8EBE2D2CE93DC9004D5F5B /* Alamofire */; };
		2DD9D1792CF3B8A70037CB95 /* WidgetKit.framework in Frameworks */ = {isa = PBXBuildFile; fileRef = 2DD9D1782CF3B8A70037CB95 /* WidgetKit.framework */; };
		2DD9D17B2CF3B8A70037CB95 /* SwiftUI.framework in Frameworks */ = {isa = PBXBuildFile; fileRef = 2DD9D17A2CF3B8A70037CB95 /* SwiftUI.framework */; };
		2DD9D1862CF3B8A90037CB95 /* widgetsExtension.appex in Embed Foundation Extensions */ = {isa = PBXBuildFile; fileRef = 2DD9D1762CF3B8A70037CB95 /* widgetsExtension.appex */; settings = {ATTRIBUTES = (RemoveHeadersOnCopy, ); }; };
		2DEE771C2CFF5CD000F24AAD /* Alamofire in Frameworks */ = {isa = PBXBuildFile; productRef = 2DEE771B2CFF5CD000F24AAD /* Alamofire */; };
		2DFD3EE22DAC892F000E871F /* codegen.sh in Resources */ = {isa = PBXBuildFile; fileRef = 2DFD3EE12DAC892F000E871F /* codegen.sh */; };
		2DFD3EE52DAD6A0F000E871F /* Stops.graphql in Resources */ = {isa = PBXBuildFile; fileRef = 2DFD3EE42DAD6A0F000E871F /* Stops.graphql */; };
/* End PBXBuildFile section */

/* Begin PBXContainerItemProxy section */
		2D001BBA2CC8099C00C6B4F8 /* PBXContainerItemProxy */ = {
			isa = PBXContainerItemProxy;
			containerPortal = 2D001BA02CC8099B00C6B4F8 /* Project object */;
			proxyType = 1;
			remoteGlobalIDString = 2D001BB72CC8099C00C6B4F8;
			remoteInfo = "metro-now Watch App";
		};
		2D7FEC7B2CE96F300073FF5B /* PBXContainerItemProxy */ = {
			isa = PBXContainerItemProxy;
			containerPortal = 2D001BA02CC8099B00C6B4F8 /* Project object */;
			proxyType = 1;
			remoteGlobalIDString = 2D001BA72CC8099B00C6B4F8;
			remoteInfo = "metro-now";
		};
		2DD9D1842CF3B8A90037CB95 /* PBXContainerItemProxy */ = {
			isa = PBXContainerItemProxy;
			containerPortal = 2D001BA02CC8099B00C6B4F8 /* Project object */;
			proxyType = 1;
			remoteGlobalIDString = 2DD9D1752CF3B8A70037CB95;
			remoteInfo = widgetsExtension;
		};
/* End PBXContainerItemProxy section */

/* Begin PBXCopyFilesBuildPhase section */
		2D001BCB2CC8099D00C6B4F8 /* Embed Watch Content */ = {
			isa = PBXCopyFilesBuildPhase;
			buildActionMask = 2147483647;
			dstPath = "$(CONTENTS_FOLDER_PATH)/Watch";
			dstSubfolderSpec = 16;
			files = (
				2D001BB92CC8099C00C6B4F8 /* metro-now Watch App.app in Embed Watch Content */,
			);
			name = "Embed Watch Content";
			runOnlyForDeploymentPostprocessing = 0;
		};
		2DD9D1872CF3B8A90037CB95 /* Embed Foundation Extensions */ = {
			isa = PBXCopyFilesBuildPhase;
			buildActionMask = 2147483647;
			dstPath = "";
			dstSubfolderSpec = 13;
			files = (
				2DD9D1862CF3B8A90037CB95 /* widgetsExtension.appex in Embed Foundation Extensions */,
			);
			name = "Embed Foundation Extensions";
			runOnlyForDeploymentPostprocessing = 0;
		};
/* End PBXCopyFilesBuildPhase section */

/* Begin PBXFileReference section */
		2D001BA82CC8099B00C6B4F8 /* metro-now.app */ = {isa = PBXFileReference; explicitFileType = wrapper.application; includeInIndex = 0; path = "metro-now.app"; sourceTree = BUILT_PRODUCTS_DIR; };
		2D001BB82CC8099C00C6B4F8 /* metro-now Watch App.app */ = {isa = PBXFileReference; explicitFileType = wrapper.application; includeInIndex = 0; path = "metro-now Watch App.app"; sourceTree = BUILT_PRODUCTS_DIR; };
		2D27D21A2DAC31C000B1F25D /* apollo-codegen-config.json */ = {isa = PBXFileReference; lastKnownFileType = text.json; path = "apollo-codegen-config.json"; sourceTree = "<group>"; };
		2D27D21B2DAC31C000B1F25D /* Hello.graphql */ = {isa = PBXFileReference; lastKnownFileType = text; path = Hello.graphql; sourceTree = "<group>"; };
		2D27D21C2DAC31C000B1F25D /* schema.graphqls */ = {isa = PBXFileReference; lastKnownFileType = text; path = schema.graphqls; sourceTree = "<group>"; };
		2D27D2212DAC397000B1F25D /* Infotexts.graphql */ = {isa = PBXFileReference; lastKnownFileType = text; path = Infotexts.graphql; sourceTree = "<group>"; };
		2D7FEC772CE96F300073FF5B /* metro-nowTests.xctest */ = {isa = PBXFileReference; explicitFileType = wrapper.cfbundle; includeInIndex = 0; path = "metro-nowTests.xctest"; sourceTree = BUILT_PRODUCTS_DIR; };
		2DD9D1762CF3B8A70037CB95 /* widgetsExtension.appex */ = {isa = PBXFileReference; explicitFileType = "wrapper.app-extension"; includeInIndex = 0; path = widgetsExtension.appex; sourceTree = BUILT_PRODUCTS_DIR; };
		2DD9D1782CF3B8A70037CB95 /* WidgetKit.framework */ = {isa = PBXFileReference; lastKnownFileType = wrapper.framework; name = WidgetKit.framework; path = System/Library/Frameworks/WidgetKit.framework; sourceTree = SDKROOT; };
		2DD9D17A2CF3B8A70037CB95 /* SwiftUI.framework */ = {isa = PBXFileReference; lastKnownFileType = wrapper.framework; name = SwiftUI.framework; path = System/Library/Frameworks/SwiftUI.framework; sourceTree = SDKROOT; };
		2DFD3EE12DAC892F000E871F /* codegen.sh */ = {isa = PBXFileReference; lastKnownFileType = text.script.sh; path = codegen.sh; sourceTree = "<group>"; };
		2DFD3EE42DAD6A0F000E871F /* Stops.graphql */ = {isa = PBXFileReference; lastKnownFileType = text; path = Stops.graphql; sourceTree = "<group>"; };
/* End PBXFileReference section */

/* Begin PBXFileSystemSynchronizedBuildFileExceptionSet section */
		2D7FEC812CE96F830073FF5B /* Exceptions for "common" folder in "metro-nowTests" target */ = {
			isa = PBXFileSystemSynchronizedBuildFileExceptionSet;
			membershipExceptions = (
				components/countdown/countdown.utils.swift,
				"components/route-name-icon/get-color-by-route-name.utils.swift",
				"components/route-name-icon/route-type.enum.swift",
				const/api.const.swift,
				const/github.const.swift,
				"const/review-url.const.swift",
				"types/api-types.swift",
				utils/array.utils.swift,
				utils/color.utils.swift,
				utils/getPlatformLabel.swift,
				utils/isMetro.swift,
				utils/network.utils.swift,
				utils/shortenStopName.swift,
			);
			target = 2D7FEC762CE96F300073FF5B /* metro-nowTests */;
		};
		2D9601C92CC812EF000EF3D5 /* Exceptions for "common" folder in "metro-now Watch App" target */ = {
			isa = PBXFileSystemSynchronizedBuildFileExceptionSet;
			membershipExceptions = (
				components/countdown/countdown.utils.swift,
				components/countdown/CountdownView.swift,
				"components/route-name-icon/get-color-by-route-name.utils.swift",
				"components/route-name-icon/route-type.enum.swift",
				"components/route-name-icon/RouteNameIconView.swift",
				const/api.const.swift,
				const/github.const.swift,
				"const/review-url.const.swift",
				"types/api-types.swift",
				utils/array.utils.swift,
				utils/color.utils.swift,
				"utils/find-closest-stop.swift",
				utils/getPlatformLabel.swift,
				utils/isMetro.swift,
				utils/network.utils.swift,
				utils/shortenStopName.swift,
			);
			target = 2D001BB72CC8099C00C6B4F8 /* metro-now Watch App */;
		};
		2DD9D18B2CF3B8A90037CB95 /* Exceptions for "widgets" folder in "widgetsExtension" target */ = {
			isa = PBXFileSystemSynchronizedBuildFileExceptionSet;
			membershipExceptions = (
				Info.plist,
			);
			target = 2DD9D1752CF3B8A70037CB95 /* widgetsExtension */;
		};
		2DFF3B692CFD3D9600D8AB90 /* Exceptions for "common" folder in "widgetsExtension" target */ = {
			isa = PBXFileSystemSynchronizedBuildFileExceptionSet;
			membershipExceptions = (
				"components/route-name-icon/get-color-by-route-name.utils.swift",
				"components/route-name-icon/route-type.enum.swift",
				"components/route-name-icon/RouteNameIconView.swift",
				const/api.const.swift,
				"types/api-types.swift",
				utils/color.utils.swift,
			);
			target = 2DD9D1752CF3B8A70037CB95 /* widgetsExtension */;
		};
/* End PBXFileSystemSynchronizedBuildFileExceptionSet section */

/* Begin PBXFileSystemSynchronizedRootGroup section */
		2D001BAA2CC8099B00C6B4F8 /* metro-now */ = {
			isa = PBXFileSystemSynchronizedRootGroup;
			path = "metro-now";
			sourceTree = "<group>";
		};
		2D001BBC2CC8099C00C6B4F8 /* metro-now Watch App */ = {
			isa = PBXFileSystemSynchronizedRootGroup;
			path = "metro-now Watch App";
			sourceTree = "<group>";
		};
		2D7FEC782CE96F300073FF5B /* metro-nowTests */ = {
			isa = PBXFileSystemSynchronizedRootGroup;
			path = "metro-nowTests";
			sourceTree = "<group>";
		};
		2D9601C12CC8126F000EF3D5 /* common */ = {
			isa = PBXFileSystemSynchronizedRootGroup;
			exceptions = (
				2D9601C92CC812EF000EF3D5 /* Exceptions for "common" folder in "metro-now Watch App" target */,
				2D7FEC812CE96F830073FF5B /* Exceptions for "common" folder in "metro-nowTests" target */,
				2DFF3B692CFD3D9600D8AB90 /* Exceptions for "common" folder in "widgetsExtension" target */,
			);
			path = common;
			sourceTree = "<group>";
		};
		2DD9D17C2CF3B8A70037CB95 /* widgets */ = {
			isa = PBXFileSystemSynchronizedRootGroup;
			exceptions = (
				2DD9D18B2CF3B8A90037CB95 /* Exceptions for "widgets" folder in "widgetsExtension" target */,
			);
			path = widgets;
			sourceTree = "<group>";
		};
/* End PBXFileSystemSynchronizedRootGroup section */

/* Begin PBXFrameworksBuildPhase section */
		2D001BA52CC8099B00C6B4F8 /* Frameworks */ = {
			isa = PBXFrameworksBuildPhase;
			buildActionMask = 2147483647;
			files = (
				2D87C85F2CE8BACA00209DE6 /* Alamofire in Frameworks */,
				2D27D2162DAC313B00B1F25D /* Apollo in Frameworks */,
				2D27D2192DAC317700B1F25D /* MetroNowAPI in Frameworks */,
			);
			runOnlyForDeploymentPostprocessing = 0;
		};
		2D001BB52CC8099C00C6B4F8 /* Frameworks */ = {
			isa = PBXFrameworksBuildPhase;
			buildActionMask = 2147483647;
			files = (
				2D8EBE2E2CE93DC9004D5F5B /* Alamofire in Frameworks */,
			);
			runOnlyForDeploymentPostprocessing = 0;
		};
		2D7FEC742CE96F300073FF5B /* Frameworks */ = {
			isa = PBXFrameworksBuildPhase;
			buildActionMask = 2147483647;
			files = (
			);
			runOnlyForDeploymentPostprocessing = 0;
		};
		2DD9D1732CF3B8A70037CB95 /* Frameworks */ = {
			isa = PBXFrameworksBuildPhase;
			buildActionMask = 2147483647;
			files = (
				2DEE771C2CFF5CD000F24AAD /* Alamofire in Frameworks */,
				2DD9D17B2CF3B8A70037CB95 /* SwiftUI.framework in Frameworks */,
				2DD9D1792CF3B8A70037CB95 /* WidgetKit.framework in Frameworks */,
			);
			runOnlyForDeploymentPostprocessing = 0;
		};
/* End PBXFrameworksBuildPhase section */

/* Begin PBXGroup section */
		2D001B9F2CC8099B00C6B4F8 = {
			isa = PBXGroup;
			children = (
				2D27D21D2DAC31C000B1F25D /* graphql */,
				2D9601C12CC8126F000EF3D5 /* common */,
				2D001BAA2CC8099B00C6B4F8 /* metro-now */,
				2D001BBC2CC8099C00C6B4F8 /* metro-now Watch App */,
				2D7FEC782CE96F300073FF5B /* metro-nowTests */,
				2DD9D17C2CF3B8A70037CB95 /* widgets */,
				2DD9D1772CF3B8A70037CB95 /* Frameworks */,
				2D27D21A2DAC31C000B1F25D /* apollo-codegen-config.json */,
				2DFD3EE12DAC892F000E871F /* codegen.sh */,
				2D001BA92CC8099B00C6B4F8 /* Products */,
			);
			sourceTree = "<group>";
		};
		2D001BA92CC8099B00C6B4F8 /* Products */ = {
			isa = PBXGroup;
			children = (
				2D001BA82CC8099B00C6B4F8 /* metro-now.app */,
				2D001BB82CC8099C00C6B4F8 /* metro-now Watch App.app */,
				2D7FEC772CE96F300073FF5B /* metro-nowTests.xctest */,
				2DD9D1762CF3B8A70037CB95 /* widgetsExtension.appex */,
			);
			name = Products;
			sourceTree = "<group>";
		};
		2D27D21D2DAC31C000B1F25D /* graphql */ = {
			isa = PBXGroup;
			children = (
				2D27D21B2DAC31C000B1F25D /* Hello.graphql */,
				2D27D2212DAC397000B1F25D /* Infotexts.graphql */,
				2DFD3EE42DAD6A0F000E871F /* Stops.graphql */,
				2D27D21C2DAC31C000B1F25D /* schema.graphqls */,
			);
			path = graphql;
			sourceTree = "<group>";
		};
		2DD9D1772CF3B8A70037CB95 /* Frameworks */ = {
			isa = PBXGroup;
			children = (
				2DD9D1782CF3B8A70037CB95 /* WidgetKit.framework */,
				2DD9D17A2CF3B8A70037CB95 /* SwiftUI.framework */,
			);
			name = Frameworks;
			sourceTree = "<group>";
		};
/* End PBXGroup section */

/* Begin PBXNativeTarget section */
		2D001BA72CC8099B00C6B4F8 /* metro-now */ = {
			isa = PBXNativeTarget;
			buildConfigurationList = 2D001BCC2CC8099D00C6B4F8 /* Build configuration list for PBXNativeTarget "metro-now" */;
			buildPhases = (
				2D001BA42CC8099B00C6B4F8 /* Sources */,
				2D001BA52CC8099B00C6B4F8 /* Frameworks */,
				2D001BA62CC8099B00C6B4F8 /* Resources */,
				2D001BCB2CC8099D00C6B4F8 /* Embed Watch Content */,
				2DD9D1872CF3B8A90037CB95 /* Embed Foundation Extensions */,
			);
			buildRules = (
			);
			dependencies = (
				2D001BBB2CC8099C00C6B4F8 /* PBXTargetDependency */,
				2DD9D1852CF3B8A90037CB95 /* PBXTargetDependency */,
			);
			fileSystemSynchronizedGroups = (
				2D001BAA2CC8099B00C6B4F8 /* metro-now */,
				2D9601C12CC8126F000EF3D5 /* common */,
			);
			name = "metro-now";
			packageProductDependencies = (
				2D87C85E2CE8BACA00209DE6 /* Alamofire */,
				2D27D2152DAC313B00B1F25D /* Apollo */,
				2D27D2182DAC317700B1F25D /* MetroNowAPI */,
			);
			productName = "metro-now";
			productReference = 2D001BA82CC8099B00C6B4F8 /* metro-now.app */;
			productType = "com.apple.product-type.application";
		};
		2D001BB72CC8099C00C6B4F8 /* metro-now Watch App */ = {
			isa = PBXNativeTarget;
			buildConfigurationList = 2D001BC82CC8099D00C6B4F8 /* Build configuration list for PBXNativeTarget "metro-now Watch App" */;
			buildPhases = (
				2D001BB42CC8099C00C6B4F8 /* Sources */,
				2D001BB52CC8099C00C6B4F8 /* Frameworks */,
				2D001BB62CC8099C00C6B4F8 /* Resources */,
			);
			buildRules = (
			);
			dependencies = (
			);
			fileSystemSynchronizedGroups = (
				2D001BBC2CC8099C00C6B4F8 /* metro-now Watch App */,
			);
			name = "metro-now Watch App";
			packageProductDependencies = (
				2D8EBE2D2CE93DC9004D5F5B /* Alamofire */,
			);
			productName = "metro-now Watch App";
			productReference = 2D001BB82CC8099C00C6B4F8 /* metro-now Watch App.app */;
			productType = "com.apple.product-type.application";
		};
		2D7FEC762CE96F300073FF5B /* metro-nowTests */ = {
			isa = PBXNativeTarget;
			buildConfigurationList = 2D7FEC7F2CE96F300073FF5B /* Build configuration list for PBXNativeTarget "metro-nowTests" */;
			buildPhases = (
				2D7FEC732CE96F300073FF5B /* Sources */,
				2D7FEC742CE96F300073FF5B /* Frameworks */,
				2D7FEC752CE96F300073FF5B /* Resources */,
			);
			buildRules = (
			);
			dependencies = (
				2D7FEC7C2CE96F300073FF5B /* PBXTargetDependency */,
			);
			fileSystemSynchronizedGroups = (
				2D7FEC782CE96F300073FF5B /* metro-nowTests */,
			);
			name = "metro-nowTests";
			packageProductDependencies = (
			);
			productName = "metro-nowTests";
			productReference = 2D7FEC772CE96F300073FF5B /* metro-nowTests.xctest */;
			productType = "com.apple.product-type.bundle.unit-test";
		};
		2DD9D1752CF3B8A70037CB95 /* widgetsExtension */ = {
			isa = PBXNativeTarget;
			buildConfigurationList = 2DD9D18A2CF3B8A90037CB95 /* Build configuration list for PBXNativeTarget "widgetsExtension" */;
			buildPhases = (
				2DD9D1722CF3B8A70037CB95 /* Sources */,
				2DD9D1732CF3B8A70037CB95 /* Frameworks */,
				2DD9D1742CF3B8A70037CB95 /* Resources */,
			);
			buildRules = (
			);
			dependencies = (
			);
			fileSystemSynchronizedGroups = (
				2DD9D17C2CF3B8A70037CB95 /* widgets */,
			);
			name = widgetsExtension;
			packageProductDependencies = (
				2DEE771B2CFF5CD000F24AAD /* Alamofire */,
			);
			productName = widgetsExtension;
			productReference = 2DD9D1762CF3B8A70037CB95 /* widgetsExtension.appex */;
			productType = "com.apple.product-type.app-extension";
		};
/* End PBXNativeTarget section */

/* Begin PBXProject section */
		2D001BA02CC8099B00C6B4F8 /* Project object */ = {
			isa = PBXProject;
			attributes = {
				BuildIndependentTargetsInParallel = 1;
				LastSwiftUpdateCheck = 1610;
				LastUpgradeCheck = 1630;
				TargetAttributes = {
					2D001BA72CC8099B00C6B4F8 = {
						CreatedOnToolsVersion = 16.0;
					};
					2D001BB72CC8099C00C6B4F8 = {
						CreatedOnToolsVersion = 16.0;
					};
					2D7FEC762CE96F300073FF5B = {
						CreatedOnToolsVersion = 16.1;
						TestTargetID = 2D001BA72CC8099B00C6B4F8;
					};
					2DD9D1752CF3B8A70037CB95 = {
						CreatedOnToolsVersion = 16.1;
					};
				};
			};
			buildConfigurationList = 2D001BA32CC8099B00C6B4F8 /* Build configuration list for PBXProject "metro-now" */;
			developmentRegion = en;
			hasScannedForEncodings = 0;
			knownRegions = (
				en,
				Base,
			);
			mainGroup = 2D001B9F2CC8099B00C6B4F8;
			minimizedProjectReferenceProxies = 1;
			packageReferences = (
				2D87C85D2CE8BACA00209DE6 /* XCRemoteSwiftPackageReference "Alamofire" */,
				2D27D2142DAC313B00B1F25D /* XCRemoteSwiftPackageReference "apollo-ios" */,
				2D27D2172DAC316E00B1F25D /* XCLocalSwiftPackageReference "MetroNowAPI" */,
			);
			preferredProjectObjectVersion = 77;
			productRefGroup = 2D001BA92CC8099B00C6B4F8 /* Products */;
			projectDirPath = "";
			projectRoot = "";
			targets = (
				2D001BA72CC8099B00C6B4F8 /* metro-now */,
				2D001BB72CC8099C00C6B4F8 /* metro-now Watch App */,
				2D7FEC762CE96F300073FF5B /* metro-nowTests */,
				2DD9D1752CF3B8A70037CB95 /* widgetsExtension */,
			);
		};
/* End PBXProject section */

/* Begin PBXResourcesBuildPhase section */
		2D001BA62CC8099B00C6B4F8 /* Resources */ = {
			isa = PBXResourcesBuildPhase;
			buildActionMask = 2147483647;
			files = (
				2D27D21E2DAC31C000B1F25D /* Hello.graphql in Resources */,
				2D27D21F2DAC31C000B1F25D /* apollo-codegen-config.json in Resources */,
				2DFD3EE22DAC892F000E871F /* codegen.sh in Resources */,
				2D27D2202DAC31C000B1F25D /* schema.graphqls in Resources */,
				2DFD3EE52DAD6A0F000E871F /* Stops.graphql in Resources */,
			);
			runOnlyForDeploymentPostprocessing = 0;
		};
		2D001BB62CC8099C00C6B4F8 /* Resources */ = {
			isa = PBXResourcesBuildPhase;
			buildActionMask = 2147483647;
			files = (
			);
			runOnlyForDeploymentPostprocessing = 0;
		};
		2D7FEC752CE96F300073FF5B /* Resources */ = {
			isa = PBXResourcesBuildPhase;
			buildActionMask = 2147483647;
			files = (
			);
			runOnlyForDeploymentPostprocessing = 0;
		};
		2DD9D1742CF3B8A70037CB95 /* Resources */ = {
			isa = PBXResourcesBuildPhase;
			buildActionMask = 2147483647;
			files = (
			);
			runOnlyForDeploymentPostprocessing = 0;
		};
/* End PBXResourcesBuildPhase section */

/* Begin PBXSourcesBuildPhase section */
		2D001BA42CC8099B00C6B4F8 /* Sources */ = {
			isa = PBXSourcesBuildPhase;
			buildActionMask = 2147483647;
			files = (
				2D27D2222DAC397300B1F25D /* Infotexts.graphql in Sources */,
			);
			runOnlyForDeploymentPostprocessing = 0;
		};
		2D001BB42CC8099C00C6B4F8 /* Sources */ = {
			isa = PBXSourcesBuildPhase;
			buildActionMask = 2147483647;
			files = (
			);
			runOnlyForDeploymentPostprocessing = 0;
		};
		2D7FEC732CE96F300073FF5B /* Sources */ = {
			isa = PBXSourcesBuildPhase;
			buildActionMask = 2147483647;
			files = (
			);
			runOnlyForDeploymentPostprocessing = 0;
		};
		2DD9D1722CF3B8A70037CB95 /* Sources */ = {
			isa = PBXSourcesBuildPhase;
			buildActionMask = 2147483647;
			files = (
			);
			runOnlyForDeploymentPostprocessing = 0;
		};
/* End PBXSourcesBuildPhase section */

/* Begin PBXTargetDependency section */
		2D001BBB2CC8099C00C6B4F8 /* PBXTargetDependency */ = {
			isa = PBXTargetDependency;
			target = 2D001BB72CC8099C00C6B4F8 /* metro-now Watch App */;
			targetProxy = 2D001BBA2CC8099C00C6B4F8 /* PBXContainerItemProxy */;
		};
		2D7FEC7C2CE96F300073FF5B /* PBXTargetDependency */ = {
			isa = PBXTargetDependency;
			target = 2D001BA72CC8099B00C6B4F8 /* metro-now */;
			targetProxy = 2D7FEC7B2CE96F300073FF5B /* PBXContainerItemProxy */;
		};
		2DD9D1852CF3B8A90037CB95 /* PBXTargetDependency */ = {
			isa = PBXTargetDependency;
			target = 2DD9D1752CF3B8A70037CB95 /* widgetsExtension */;
			targetProxy = 2DD9D1842CF3B8A90037CB95 /* PBXContainerItemProxy */;
		};
/* End PBXTargetDependency section */

/* Begin XCBuildConfiguration section */
		2D001BC62CC8099D00C6B4F8 /* Debug */ = {
			isa = XCBuildConfiguration;
			buildSettings = {
				ALWAYS_SEARCH_USER_PATHS = NO;
				ASSETCATALOG_COMPILER_GENERATE_SWIFT_ASSET_SYMBOL_EXTENSIONS = YES;
				CLANG_ANALYZER_NONNULL = YES;
				CLANG_ANALYZER_NUMBER_OBJECT_CONVERSION = YES_AGGRESSIVE;
				CLANG_CXX_LANGUAGE_STANDARD = "gnu++20";
				CLANG_ENABLE_MODULES = YES;
				CLANG_ENABLE_OBJC_ARC = YES;
				CLANG_ENABLE_OBJC_WEAK = YES;
				CLANG_WARN_BLOCK_CAPTURE_AUTORELEASING = YES;
				CLANG_WARN_BOOL_CONVERSION = YES;
				CLANG_WARN_COMMA = YES;
				CLANG_WARN_CONSTANT_CONVERSION = YES;
				CLANG_WARN_DEPRECATED_OBJC_IMPLEMENTATIONS = YES;
				CLANG_WARN_DIRECT_OBJC_ISA_USAGE = YES_ERROR;
				CLANG_WARN_DOCUMENTATION_COMMENTS = YES;
				CLANG_WARN_EMPTY_BODY = YES;
				CLANG_WARN_ENUM_CONVERSION = YES;
				CLANG_WARN_INFINITE_RECURSION = YES;
				CLANG_WARN_INT_CONVERSION = YES;
				CLANG_WARN_NON_LITERAL_NULL_CONVERSION = YES;
				CLANG_WARN_OBJC_IMPLICIT_RETAIN_SELF = YES;
				CLANG_WARN_OBJC_LITERAL_CONVERSION = YES;
				CLANG_WARN_OBJC_ROOT_CLASS = YES_ERROR;
				CLANG_WARN_QUOTED_INCLUDE_IN_FRAMEWORK_HEADER = YES;
				CLANG_WARN_RANGE_LOOP_ANALYSIS = YES;
				CLANG_WARN_STRICT_PROTOTYPES = YES;
				CLANG_WARN_SUSPICIOUS_MOVE = YES;
				CLANG_WARN_UNGUARDED_AVAILABILITY = YES_AGGRESSIVE;
				CLANG_WARN_UNREACHABLE_CODE = YES;
				CLANG_WARN__DUPLICATE_METHOD_MATCH = YES;
				COPY_PHASE_STRIP = NO;
				DEAD_CODE_STRIPPING = YES;
				DEBUG_INFORMATION_FORMAT = dwarf;
				DEVELOPMENT_TEAM = R6WU5ABNG2;
				ENABLE_STRICT_OBJC_MSGSEND = YES;
				ENABLE_TESTABILITY = YES;
				ENABLE_USER_SCRIPT_SANDBOXING = YES;
				GCC_C_LANGUAGE_STANDARD = gnu17;
				GCC_DYNAMIC_NO_PIC = NO;
				GCC_NO_COMMON_BLOCKS = YES;
				GCC_OPTIMIZATION_LEVEL = 0;
				GCC_PREPROCESSOR_DEFINITIONS = (
					"DEBUG=1",
					"$(inherited)",
				);
				GCC_WARN_64_TO_32_BIT_CONVERSION = YES;
				GCC_WARN_ABOUT_RETURN_TYPE = YES_ERROR;
				GCC_WARN_UNDECLARED_SELECTOR = YES;
				GCC_WARN_UNINITIALIZED_AUTOS = YES_AGGRESSIVE;
				GCC_WARN_UNUSED_FUNCTION = YES;
				GCC_WARN_UNUSED_VARIABLE = YES;
				LOCALIZATION_PREFERS_STRING_CATALOGS = YES;
				MTL_ENABLE_DEBUG_INFO = INCLUDE_SOURCE;
				MTL_FAST_MATH = YES;
				ONLY_ACTIVE_ARCH = YES;
				SWIFT_ACTIVE_COMPILATION_CONDITIONS = "DEBUG $(inherited)";
				SWIFT_OPTIMIZATION_LEVEL = "-Onone";
			};
			name = Debug;
		};
		2D001BC72CC8099D00C6B4F8 /* Release */ = {
			isa = XCBuildConfiguration;
			buildSettings = {
				ALWAYS_SEARCH_USER_PATHS = NO;
				ASSETCATALOG_COMPILER_GENERATE_SWIFT_ASSET_SYMBOL_EXTENSIONS = YES;
				CLANG_ANALYZER_NONNULL = YES;
				CLANG_ANALYZER_NUMBER_OBJECT_CONVERSION = YES_AGGRESSIVE;
				CLANG_CXX_LANGUAGE_STANDARD = "gnu++20";
				CLANG_ENABLE_MODULES = YES;
				CLANG_ENABLE_OBJC_ARC = YES;
				CLANG_ENABLE_OBJC_WEAK = YES;
				CLANG_WARN_BLOCK_CAPTURE_AUTORELEASING = YES;
				CLANG_WARN_BOOL_CONVERSION = YES;
				CLANG_WARN_COMMA = YES;
				CLANG_WARN_CONSTANT_CONVERSION = YES;
				CLANG_WARN_DEPRECATED_OBJC_IMPLEMENTATIONS = YES;
				CLANG_WARN_DIRECT_OBJC_ISA_USAGE = YES_ERROR;
				CLANG_WARN_DOCUMENTATION_COMMENTS = YES;
				CLANG_WARN_EMPTY_BODY = YES;
				CLANG_WARN_ENUM_CONVERSION = YES;
				CLANG_WARN_INFINITE_RECURSION = YES;
				CLANG_WARN_INT_CONVERSION = YES;
				CLANG_WARN_NON_LITERAL_NULL_CONVERSION = YES;
				CLANG_WARN_OBJC_IMPLICIT_RETAIN_SELF = YES;
				CLANG_WARN_OBJC_LITERAL_CONVERSION = YES;
				CLANG_WARN_OBJC_ROOT_CLASS = YES_ERROR;
				CLANG_WARN_QUOTED_INCLUDE_IN_FRAMEWORK_HEADER = YES;
				CLANG_WARN_RANGE_LOOP_ANALYSIS = YES;
				CLANG_WARN_STRICT_PROTOTYPES = YES;
				CLANG_WARN_SUSPICIOUS_MOVE = YES;
				CLANG_WARN_UNGUARDED_AVAILABILITY = YES_AGGRESSIVE;
				CLANG_WARN_UNREACHABLE_CODE = YES;
				CLANG_WARN__DUPLICATE_METHOD_MATCH = YES;
				COPY_PHASE_STRIP = NO;
				DEAD_CODE_STRIPPING = YES;
				DEBUG_INFORMATION_FORMAT = "dwarf-with-dsym";
				DEVELOPMENT_TEAM = R6WU5ABNG2;
				ENABLE_NS_ASSERTIONS = NO;
				ENABLE_STRICT_OBJC_MSGSEND = YES;
				ENABLE_USER_SCRIPT_SANDBOXING = YES;
				GCC_C_LANGUAGE_STANDARD = gnu17;
				GCC_NO_COMMON_BLOCKS = YES;
				GCC_WARN_64_TO_32_BIT_CONVERSION = YES;
				GCC_WARN_ABOUT_RETURN_TYPE = YES_ERROR;
				GCC_WARN_UNDECLARED_SELECTOR = YES;
				GCC_WARN_UNINITIALIZED_AUTOS = YES_AGGRESSIVE;
				GCC_WARN_UNUSED_FUNCTION = YES;
				GCC_WARN_UNUSED_VARIABLE = YES;
				LOCALIZATION_PREFERS_STRING_CATALOGS = YES;
				MTL_ENABLE_DEBUG_INFO = NO;
				MTL_FAST_MATH = YES;
				SWIFT_COMPILATION_MODE = wholemodule;
			};
			name = Release;
		};
		2D001BC92CC8099D00C6B4F8 /* Debug */ = {
			isa = XCBuildConfiguration;
			buildSettings = {
				ASSETCATALOG_COMPILER_APPICON_NAME = AppIcon;
				ASSETCATALOG_COMPILER_GLOBAL_ACCENT_COLOR_NAME = AccentColor;
				CODE_SIGN_STYLE = Automatic;
				CURRENT_PROJECT_VERSION = 7;
				DEVELOPMENT_ASSET_PATHS = "\"metro-now Watch App/Preview Content\"";
				ENABLE_PREVIEWS = YES;
				GENERATE_INFOPLIST_FILE = YES;
				INFOPLIST_KEY_CFBundleDisplayName = "metro-now";
				INFOPLIST_KEY_NSLocationWhenInUseUsageDescription = "";
				INFOPLIST_KEY_UISupportedInterfaceOrientations = "UIInterfaceOrientationPortrait UIInterfaceOrientationPortraitUpsideDown";
				INFOPLIST_KEY_WKCompanionAppBundleIdentifier = "com.krystof.metro-now";
				INFOPLIST_KEY_WKRunsIndependentlyOfCompanionApp = YES;
				LD_RUNPATH_SEARCH_PATHS = (
					"$(inherited)",
					"@executable_path/Frameworks",
				);
				MARKETING_VERSION = 0.3.6;
				PRODUCT_BUNDLE_IDENTIFIER = "com.krystof.metro-now.watchkitapp";
				PRODUCT_NAME = "$(TARGET_NAME)";
				SDKROOT = watchos;
				SKIP_INSTALL = YES;
				SWIFT_EMIT_LOC_STRINGS = YES;
				SWIFT_VERSION = 5.0;
				TARGETED_DEVICE_FAMILY = 4;
				WATCHOS_DEPLOYMENT_TARGET = 10.0;
			};
			name = Debug;
		};
		2D001BCA2CC8099D00C6B4F8 /* Release */ = {
			isa = XCBuildConfiguration;
			buildSettings = {
				ASSETCATALOG_COMPILER_APPICON_NAME = AppIcon;
				ASSETCATALOG_COMPILER_GLOBAL_ACCENT_COLOR_NAME = AccentColor;
				CODE_SIGN_STYLE = Automatic;
				CURRENT_PROJECT_VERSION = 7;
				DEVELOPMENT_ASSET_PATHS = "\"metro-now Watch App/Preview Content\"";
				ENABLE_PREVIEWS = YES;
				GENERATE_INFOPLIST_FILE = YES;
				INFOPLIST_KEY_CFBundleDisplayName = "metro-now";
				INFOPLIST_KEY_NSLocationWhenInUseUsageDescription = "";
				INFOPLIST_KEY_UISupportedInterfaceOrientations = "UIInterfaceOrientationPortrait UIInterfaceOrientationPortraitUpsideDown";
				INFOPLIST_KEY_WKCompanionAppBundleIdentifier = "com.krystof.metro-now";
				INFOPLIST_KEY_WKRunsIndependentlyOfCompanionApp = YES;
				LD_RUNPATH_SEARCH_PATHS = (
					"$(inherited)",
					"@executable_path/Frameworks",
				);
				MARKETING_VERSION = 0.3.6;
				PRODUCT_BUNDLE_IDENTIFIER = "com.krystof.metro-now.watchkitapp";
				PRODUCT_NAME = "$(TARGET_NAME)";
				SDKROOT = watchos;
				SKIP_INSTALL = YES;
				SWIFT_EMIT_LOC_STRINGS = YES;
				SWIFT_VERSION = 5.0;
				TARGETED_DEVICE_FAMILY = 4;
				VALIDATE_PRODUCT = YES;
				WATCHOS_DEPLOYMENT_TARGET = 10.0;
			};
			name = Release;
		};
		2D001BCD2CC8099D00C6B4F8 /* Debug */ = {
			isa = XCBuildConfiguration;
			buildSettings = {
				ASSETCATALOG_COMPILER_APPICON_NAME = AppIcon;
				ASSETCATALOG_COMPILER_GLOBAL_ACCENT_COLOR_NAME = AccentColor;
				ASSETCATALOG_COMPILER_INCLUDE_ALL_APPICON_ASSETS = YES;
				CODE_SIGN_STYLE = Automatic;
				CURRENT_PROJECT_VERSION = 10;
				DEVELOPMENT_ASSET_PATHS = "\"metro-now/Preview Content\"";
				DEVELOPMENT_TEAM = R6WU5ABNG2;
				ENABLE_PREVIEWS = YES;
				GENERATE_INFOPLIST_FILE = YES;
				INFOPLIST_KEY_CFBundleDisplayName = "metro-now";
				INFOPLIST_KEY_LSApplicationCategoryType = "public.app-category.travel";
				INFOPLIST_KEY_NSLocationWhenInUseUsageDescription = "We need your location to provide live updates.";
				INFOPLIST_KEY_UIApplicationSceneManifest_Generation = YES;
				INFOPLIST_KEY_UIApplicationSupportsIndirectInputEvents = YES;
				INFOPLIST_KEY_UILaunchScreen_Generation = YES;
				INFOPLIST_KEY_UISupportedInterfaceOrientations = UIInterfaceOrientationPortrait;
				INFOPLIST_KEY_UISupportedInterfaceOrientations_iPad = "UIInterfaceOrientationLandscapeLeft UIInterfaceOrientationLandscapeRight UIInterfaceOrientationPortrait UIInterfaceOrientationPortraitUpsideDown";
				IPHONEOS_DEPLOYMENT_TARGET = 17;
				LD_RUNPATH_SEARCH_PATHS = (
					"$(inherited)",
					"@executable_path/Frameworks",
				);
				MARKETING_VERSION = 0.4.0;
				PRODUCT_BUNDLE_IDENTIFIER = "com.krystof.metro-now";
				PRODUCT_NAME = "$(TARGET_NAME)";
				SDKROOT = iphoneos;
				SWIFT_EMIT_LOC_STRINGS = YES;
				SWIFT_VERSION = 5.0;
				TARGETED_DEVICE_FAMILY = "1,2";
			};
			name = Debug;
		};
		2D001BCE2CC8099D00C6B4F8 /* Release */ = {
			isa = XCBuildConfiguration;
			buildSettings = {
				ASSETCATALOG_COMPILER_APPICON_NAME = AppIcon;
				ASSETCATALOG_COMPILER_GLOBAL_ACCENT_COLOR_NAME = AccentColor;
				ASSETCATALOG_COMPILER_INCLUDE_ALL_APPICON_ASSETS = YES;
				CODE_SIGN_STYLE = Automatic;
				CURRENT_PROJECT_VERSION = 10;
				DEVELOPMENT_ASSET_PATHS = "\"metro-now/Preview Content\"";
				DEVELOPMENT_TEAM = R6WU5ABNG2;
				ENABLE_PREVIEWS = YES;
				GENERATE_INFOPLIST_FILE = YES;
				INFOPLIST_KEY_CFBundleDisplayName = "metro-now";
				INFOPLIST_KEY_LSApplicationCategoryType = "public.app-category.travel";
				INFOPLIST_KEY_NSLocationWhenInUseUsageDescription = "We need your location to provide live updates.";
				INFOPLIST_KEY_UIApplicationSceneManifest_Generation = YES;
				INFOPLIST_KEY_UIApplicationSupportsIndirectInputEvents = YES;
				INFOPLIST_KEY_UILaunchScreen_Generation = YES;
				INFOPLIST_KEY_UISupportedInterfaceOrientations = UIInterfaceOrientationPortrait;
				INFOPLIST_KEY_UISupportedInterfaceOrientations_iPad = "UIInterfaceOrientationLandscapeLeft UIInterfaceOrientationLandscapeRight UIInterfaceOrientationPortrait UIInterfaceOrientationPortraitUpsideDown";
				IPHONEOS_DEPLOYMENT_TARGET = 17;
				LD_RUNPATH_SEARCH_PATHS = (
					"$(inherited)",
					"@executable_path/Frameworks",
				);
				MARKETING_VERSION = 0.4.0;
				PRODUCT_BUNDLE_IDENTIFIER = "com.krystof.metro-now";
				PRODUCT_NAME = "$(TARGET_NAME)";
				SDKROOT = iphoneos;
				SWIFT_EMIT_LOC_STRINGS = YES;
				SWIFT_VERSION = 5.0;
				TARGETED_DEVICE_FAMILY = "1,2";
				VALIDATE_PRODUCT = YES;
			};
			name = Release;
		};
		2D7FEC7D2CE96F300073FF5B /* Debug */ = {
			isa = XCBuildConfiguration;
			buildSettings = {
				BUNDLE_LOADER = "$(TEST_HOST)";
				CODE_SIGN_STYLE = Automatic;
				CURRENT_PROJECT_VERSION = 1;
				GENERATE_INFOPLIST_FILE = YES;
				IPHONEOS_DEPLOYMENT_TARGET = 18.1;
				MARKETING_VERSION = 1.0;
				PRODUCT_BUNDLE_IDENTIFIER = "com.krystof.metro-nowTests";
				PRODUCT_NAME = "$(TARGET_NAME)";
				SDKROOT = iphoneos;
				SWIFT_EMIT_LOC_STRINGS = NO;
				SWIFT_VERSION = 5.0;
				TARGETED_DEVICE_FAMILY = "1,2";
				TEST_HOST = "$(BUILT_PRODUCTS_DIR)/metro-now.app/$(BUNDLE_EXECUTABLE_FOLDER_PATH)/metro-now";
			};
			name = Debug;
		};
		2D7FEC7E2CE96F300073FF5B /* Release */ = {
			isa = XCBuildConfiguration;
			buildSettings = {
				BUNDLE_LOADER = "$(TEST_HOST)";
				CODE_SIGN_STYLE = Automatic;
				CURRENT_PROJECT_VERSION = 1;
				GENERATE_INFOPLIST_FILE = YES;
				IPHONEOS_DEPLOYMENT_TARGET = 18.1;
				MARKETING_VERSION = 1.0;
				PRODUCT_BUNDLE_IDENTIFIER = "com.krystof.metro-nowTests";
				PRODUCT_NAME = "$(TARGET_NAME)";
				SDKROOT = iphoneos;
				SWIFT_EMIT_LOC_STRINGS = NO;
				SWIFT_VERSION = 5.0;
				TARGETED_DEVICE_FAMILY = "1,2";
				TEST_HOST = "$(BUILT_PRODUCTS_DIR)/metro-now.app/$(BUNDLE_EXECUTABLE_FOLDER_PATH)/metro-now";
				VALIDATE_PRODUCT = YES;
			};
			name = Release;
		};
		2DD9D1882CF3B8A90037CB95 /* Debug */ = {
			isa = XCBuildConfiguration;
			buildSettings = {
				ASSETCATALOG_COMPILER_GLOBAL_ACCENT_COLOR_NAME = AccentColor;
				ASSETCATALOG_COMPILER_WIDGET_BACKGROUND_COLOR_NAME = WidgetBackground;
				CODE_SIGN_STYLE = Automatic;
				CURRENT_PROJECT_VERSION = 7;
				GENERATE_INFOPLIST_FILE = YES;
				INFOPLIST_FILE = widgets/Info.plist;
				INFOPLIST_KEY_CFBundleDisplayName = widgets;
				INFOPLIST_KEY_NSHumanReadableCopyright = "";
				IPHONEOS_DEPLOYMENT_TARGET = 17.0;
				LD_RUNPATH_SEARCH_PATHS = (
					"$(inherited)",
					"@executable_path/Frameworks",
					"@executable_path/../../Frameworks",
				);
				MARKETING_VERSION = 0.3.6;
				PRODUCT_BUNDLE_IDENTIFIER = "com.krystof.metro-now.widgets";
				PRODUCT_NAME = "$(TARGET_NAME)";
				SDKROOT = iphoneos;
				SKIP_INSTALL = YES;
				SWIFT_EMIT_LOC_STRINGS = YES;
				SWIFT_VERSION = 5.0;
				TARGETED_DEVICE_FAMILY = "1,2";
			};
			name = Debug;
		};
		2DD9D1892CF3B8A90037CB95 /* Release */ = {
			isa = XCBuildConfiguration;
			buildSettings = {
				ASSETCATALOG_COMPILER_GLOBAL_ACCENT_COLOR_NAME = AccentColor;
				ASSETCATALOG_COMPILER_WIDGET_BACKGROUND_COLOR_NAME = WidgetBackground;
				CODE_SIGN_STYLE = Automatic;
				CURRENT_PROJECT_VERSION = 7;
				GENERATE_INFOPLIST_FILE = YES;
				INFOPLIST_FILE = widgets/Info.plist;
				INFOPLIST_KEY_CFBundleDisplayName = widgets;
				INFOPLIST_KEY_NSHumanReadableCopyright = "";
				IPHONEOS_DEPLOYMENT_TARGET = 17.0;
				LD_RUNPATH_SEARCH_PATHS = (
					"$(inherited)",
					"@executable_path/Frameworks",
					"@executable_path/../../Frameworks",
				);
				MARKETING_VERSION = 0.3.6;
				PRODUCT_BUNDLE_IDENTIFIER = "com.krystof.metro-now.widgets";
				PRODUCT_NAME = "$(TARGET_NAME)";
				SDKROOT = iphoneos;
				SKIP_INSTALL = YES;
				SWIFT_EMIT_LOC_STRINGS = YES;
				SWIFT_VERSION = 5.0;
				TARGETED_DEVICE_FAMILY = "1,2";
				VALIDATE_PRODUCT = YES;
			};
			name = Release;
		};
/* End XCBuildConfiguration section */

/* Begin XCConfigurationList section */
		2D001BA32CC8099B00C6B4F8 /* Build configuration list for PBXProject "metro-now" */ = {
			isa = XCConfigurationList;
			buildConfigurations = (
				2D001BC62CC8099D00C6B4F8 /* Debug */,
				2D001BC72CC8099D00C6B4F8 /* Release */,
			);
			defaultConfigurationIsVisible = 0;
			defaultConfigurationName = Release;
		};
		2D001BC82CC8099D00C6B4F8 /* Build configuration list for PBXNativeTarget "metro-now Watch App" */ = {
			isa = XCConfigurationList;
			buildConfigurations = (
				2D001BC92CC8099D00C6B4F8 /* Debug */,
				2D001BCA2CC8099D00C6B4F8 /* Release */,
			);
			defaultConfigurationIsVisible = 0;
			defaultConfigurationName = Release;
		};
		2D001BCC2CC8099D00C6B4F8 /* Build configuration list for PBXNativeTarget "metro-now" */ = {
			isa = XCConfigurationList;
			buildConfigurations = (
				2D001BCD2CC8099D00C6B4F8 /* Debug */,
				2D001BCE2CC8099D00C6B4F8 /* Release */,
			);
			defaultConfigurationIsVisible = 0;
			defaultConfigurationName = Release;
		};
		2D7FEC7F2CE96F300073FF5B /* Build configuration list for PBXNativeTarget "metro-nowTests" */ = {
			isa = XCConfigurationList;
			buildConfigurations = (
				2D7FEC7D2CE96F300073FF5B /* Debug */,
				2D7FEC7E2CE96F300073FF5B /* Release */,
			);
			defaultConfigurationIsVisible = 0;
			defaultConfigurationName = Release;
		};
		2DD9D18A2CF3B8A90037CB95 /* Build configuration list for PBXNativeTarget "widgetsExtension" */ = {
			isa = XCConfigurationList;
			buildConfigurations = (
				2DD9D1882CF3B8A90037CB95 /* Debug */,
				2DD9D1892CF3B8A90037CB95 /* Release */,
			);
			defaultConfigurationIsVisible = 0;
			defaultConfigurationName = Release;
		};
/* End XCConfigurationList section */

/* Begin XCLocalSwiftPackageReference section */
		2D27D2172DAC316E00B1F25D /* XCLocalSwiftPackageReference "MetroNowAPI" */ = {
			isa = XCLocalSwiftPackageReference;
			relativePath = MetroNowAPI;
		};
/* End XCLocalSwiftPackageReference section */

/* Begin XCRemoteSwiftPackageReference section */
		2D27D2142DAC313B00B1F25D /* XCRemoteSwiftPackageReference "apollo-ios" */ = {
			isa = XCRemoteSwiftPackageReference;
			repositoryURL = "https://github.com/apollographql/apollo-ios.git";
			requirement = {
				kind = upToNextMajorVersion;
				minimumVersion = 1.19.0;
			};
		};
		2D87C85D2CE8BACA00209DE6 /* XCRemoteSwiftPackageReference "Alamofire" */ = {
			isa = XCRemoteSwiftPackageReference;
			repositoryURL = "https://github.com/Alamofire/Alamofire.git";
			requirement = {
				kind = upToNextMajorVersion;
				minimumVersion = 5.10.1;
			};
		};
/* End XCRemoteSwiftPackageReference section */

/* Begin XCSwiftPackageProductDependency section */
		2D27D2152DAC313B00B1F25D /* Apollo */ = {
			isa = XCSwiftPackageProductDependency;
			package = 2D27D2142DAC313B00B1F25D /* XCRemoteSwiftPackageReference "apollo-ios" */;
			productName = Apollo;
		};
		2D27D2182DAC317700B1F25D /* MetroNowAPI */ = {
			isa = XCSwiftPackageProductDependency;
			package = 2D27D2172DAC316E00B1F25D /* XCLocalSwiftPackageReference "MetroNowAPI" */;
			productName = MetroNowAPI;
		};
		2D87C85E2CE8BACA00209DE6 /* Alamofire */ = {
			isa = XCSwiftPackageProductDependency;
			package = 2D87C85D2CE8BACA00209DE6 /* XCRemoteSwiftPackageReference "Alamofire" */;
			productName = Alamofire;
		};
		2D8EBE2D2CE93DC9004D5F5B /* Alamofire */ = {
			isa = XCSwiftPackageProductDependency;
			package = 2D87C85D2CE8BACA00209DE6 /* XCRemoteSwiftPackageReference "Alamofire" */;
			productName = Alamofire;
		};
		2DEE771B2CFF5CD000F24AAD /* Alamofire */ = {
			isa = XCSwiftPackageProductDependency;
			package = 2D87C85D2CE8BACA00209DE6 /* XCRemoteSwiftPackageReference "Alamofire" */;
			productName = Alamofire;
		};
/* End XCSwiftPackageProductDependency section */
	};
	rootObject = 2D001BA02CC8099B00C6B4F8 /* Project object */;
}
