// !$*UTF8*$!
{
	archiveVersion = 1;
	classes = {
	};
	objectVersion = 56;
	objects = {

/* Begin PBXBuildFile section */
		2D1B2C3B2BFAD6CC007ED5EB /* LocationModel.swift in Sources */ = {isa = PBXBuildFile; fileRef = 2D1B2C3A2BFAD6CC007ED5EB /* LocationModel.swift */; };
		2D1B2C3C2BFAD6CC007ED5EB /* LocationModel.swift in Sources */ = {isa = PBXBuildFile; fileRef = 2D1B2C3A2BFAD6CC007ED5EB /* LocationModel.swift */; };
		2D1B2C3F2BFAD70F007ED5EB /* timeUtils.swift in Sources */ = {isa = PBXBuildFile; fileRef = 2D1B2C3E2BFAD70F007ED5EB /* timeUtils.swift */; };
		2D1B2C402BFAD70F007ED5EB /* timeUtils.swift in Sources */ = {isa = PBXBuildFile; fileRef = 2D1B2C3E2BFAD70F007ED5EB /* timeUtils.swift */; };
		2D1B2C422BFAD72C007ED5EB /* jsonUtils.swift in Sources */ = {isa = PBXBuildFile; fileRef = 2D1B2C412BFAD72C007ED5EB /* jsonUtils.swift */; };
		2D1B2C432BFAD72C007ED5EB /* jsonUtils.swift in Sources */ = {isa = PBXBuildFile; fileRef = 2D1B2C412BFAD72C007ED5EB /* jsonUtils.swift */; };
		2D1B2C452BFAD7DB007ED5EB /* mapUtils.swift in Sources */ = {isa = PBXBuildFile; fileRef = 2D1B2C442BFAD7DB007ED5EB /* mapUtils.swift */; };
		2D1B2C462BFAD7DB007ED5EB /* mapUtils.swift in Sources */ = {isa = PBXBuildFile; fileRef = 2D1B2C442BFAD7DB007ED5EB /* mapUtils.swift */; };
		2D1B2C482BFAD7F2007ED5EB /* metroUtils.swift in Sources */ = {isa = PBXBuildFile; fileRef = 2D1B2C472BFAD7F2007ED5EB /* metroUtils.swift */; };
		2D1B2C492BFAD7F2007ED5EB /* metroUtils.swift in Sources */ = {isa = PBXBuildFile; fileRef = 2D1B2C472BFAD7F2007ED5EB /* metroUtils.swift */; };
		2D1B2C4B2BFAD807007ED5EB /* fileUtils.swift in Sources */ = {isa = PBXBuildFile; fileRef = 2D1B2C4A2BFAD807007ED5EB /* fileUtils.swift */; };
		2D1B2C4C2BFAD807007ED5EB /* fileUtils.swift in Sources */ = {isa = PBXBuildFile; fileRef = 2D1B2C4A2BFAD807007ED5EB /* fileUtils.swift */; };
		2D1B2C4F2BFAD8ED007ED5EB /* metroRoutesTypes.swift in Sources */ = {isa = PBXBuildFile; fileRef = 2D1B2C4E2BFAD8ED007ED5EB /* metroRoutesTypes.swift */; };
		2D1B2C502BFAD8ED007ED5EB /* metroRoutesTypes.swift in Sources */ = {isa = PBXBuildFile; fileRef = 2D1B2C4E2BFAD8ED007ED5EB /* metroRoutesTypes.swift */; };
		2D1B2C522BFAD90B007ED5EB /* metroStationsTypes.swift in Sources */ = {isa = PBXBuildFile; fileRef = 2D1B2C512BFAD90B007ED5EB /* metroStationsTypes.swift */; };
		2D1B2C532BFAD90B007ED5EB /* metroStationsTypes.swift in Sources */ = {isa = PBXBuildFile; fileRef = 2D1B2C512BFAD90B007ED5EB /* metroStationsTypes.swift */; };
		2D1B2C592BFAD9FB007ED5EB /* metro-stations.geojson in Resources */ = {isa = PBXBuildFile; fileRef = 2D1B2C562BFAD9FB007ED5EB /* metro-stations.geojson */; };
		2D1B2C5A2BFAD9FB007ED5EB /* metro-stations.geojson in Resources */ = {isa = PBXBuildFile; fileRef = 2D1B2C562BFAD9FB007ED5EB /* metro-stations.geojson */; };
		2D350E672BFBE50600F68039 /* MapStationAnnotationView.swift in Sources */ = {isa = PBXBuildFile; fileRef = 2D350E662BFBE50600F68039 /* MapStationAnnotationView.swift */; };
		2D350E692BFBF6B100F68039 /* metro-routes.geojson in Resources */ = {isa = PBXBuildFile; fileRef = 2D350E682BFBF6B100F68039 /* metro-routes.geojson */; };
		2D350E6A2BFBF6B100F68039 /* metro-routes.geojson in Resources */ = {isa = PBXBuildFile; fileRef = 2D350E682BFBF6B100F68039 /* metro-routes.geojson */; };
		2D4486862BFAA10A005C59CE /* metro_now_watchApp.swift in Sources */ = {isa = PBXBuildFile; fileRef = 2D4486852BFAA10A005C59CE /* metro_now_watchApp.swift */; };
		2D4486882BFAA10A005C59CE /* ContentView.swift in Sources */ = {isa = PBXBuildFile; fileRef = 2D4486872BFAA10A005C59CE /* ContentView.swift */; };
		2D44868A2BFAA10B005C59CE /* Assets.xcassets in Resources */ = {isa = PBXBuildFile; fileRef = 2D4486892BFAA10B005C59CE /* Assets.xcassets */; };
		2D44868D2BFAA10B005C59CE /* Preview Assets.xcassets in Resources */ = {isa = PBXBuildFile; fileRef = 2D44868C2BFAA10B005C59CE /* Preview Assets.xcassets */; };
		2D4486902BFAA10B005C59CE /* metro-now-watch Watch App.app in Embed Watch Content */ = {isa = PBXBuildFile; fileRef = 2D4486832BFAA10A005C59CE /* metro-now-watch Watch App.app */; settings = {ATTRIBUTES = (RemoveHeadersOnCopy, ); }; };
		2D4D8F852C0010A5006F9080 /* networkUtils.swift in Sources */ = {isa = PBXBuildFile; fileRef = 2D4D8F842C0010A5006F9080 /* networkUtils.swift */; };
		2D84CCA12BF8BD7500D2382B /* PlatformListViewModel.swift in Sources */ = {isa = PBXBuildFile; fileRef = 2D84CCA02BF8BD7500D2382B /* PlatformListViewModel.swift */; };
		2DC639DC2BF3CCBA00A72C7F /* metro_nowApp.swift in Sources */ = {isa = PBXBuildFile; fileRef = 2DC639DB2BF3CCBA00A72C7F /* metro_nowApp.swift */; };
		2DC639DE2BF3CCBA00A72C7F /* PlatformListView.swift in Sources */ = {isa = PBXBuildFile; fileRef = 2DC639DD2BF3CCBA00A72C7F /* PlatformListView.swift */; };
		2DC639E02BF3CCBC00A72C7F /* Assets.xcassets in Resources */ = {isa = PBXBuildFile; fileRef = 2DC639DF2BF3CCBC00A72C7F /* Assets.xcassets */; };
		2DC639E32BF3CCBC00A72C7F /* Preview Assets.xcassets in Resources */ = {isa = PBXBuildFile; fileRef = 2DC639E22BF3CCBC00A72C7F /* Preview Assets.xcassets */; };
		2DC639ED2BF3CFCF00A72C7F /* PlatformListItem.swift in Sources */ = {isa = PBXBuildFile; fileRef = 2DC639EC2BF3CFCF00A72C7F /* PlatformListItem.swift */; };
		2DC63A002BF4B1E300A72C7F /* PlatformDetailView.swift in Sources */ = {isa = PBXBuildFile; fileRef = 2DC639FF2BF4B1E300A72C7F /* PlatformDetailView.swift */; };
		2DC63A022BF4B20E00A72C7F /* PlatformDetailDepartureListView:.swift in Sources */ = {isa = PBXBuildFile; fileRef = 2DC63A012BF4B20E00A72C7F /* PlatformDetailDepartureListView:.swift */; };
		2DC63A042BF4C1E200A72C7F /* MainTabView.swift in Sources */ = {isa = PBXBuildFile; fileRef = 2DC63A032BF4C1E200A72C7F /* MainTabView.swift */; };
		2DC63A082BF4C25B00A72C7F /* MapView.swift in Sources */ = {isa = PBXBuildFile; fileRef = 2DC63A072BF4C25B00A72C7F /* MapView.swift */; };
		2DC63A222BF50EDD00A72C7F /* timeUtilsTests.swift in Sources */ = {isa = PBXBuildFile; fileRef = 2DC63A212BF50EDD00A72C7F /* timeUtilsTests.swift */; };
		2DC63A242BF5266700A72C7F /* metroUtilsTests.swift in Sources */ = {isa = PBXBuildFile; fileRef = 2DC63A232BF5266700A72C7F /* metroUtilsTests.swift */; };
		2DC63A262BF5280F00A72C7F /* jsonUtilsTests.swift in Sources */ = {isa = PBXBuildFile; fileRef = 2DC63A252BF5280F00A72C7F /* jsonUtilsTests.swift */; };
		2DF48A472C01F185002F754E /* WidgetKit.framework in Frameworks */ = {isa = PBXBuildFile; fileRef = 2DF48A462C01F185002F754E /* WidgetKit.framework */; };
		2DF48A492C01F185002F754E /* SwiftUI.framework in Frameworks */ = {isa = PBXBuildFile; fileRef = 2DF48A482C01F185002F754E /* SwiftUI.framework */; };
		2DF48A4C2C01F186002F754E /* metro_now_widgetsBundle.swift in Sources */ = {isa = PBXBuildFile; fileRef = 2DF48A4B2C01F186002F754E /* metro_now_widgetsBundle.swift */; };
		2DF48A4E2C01F186002F754E /* metro_now_widgets.swift in Sources */ = {isa = PBXBuildFile; fileRef = 2DF48A4D2C01F186002F754E /* metro_now_widgets.swift */; };
		2DF48A502C01F186002F754E /* Assets.xcassets in Resources */ = {isa = PBXBuildFile; fileRef = 2DF48A4F2C01F186002F754E /* Assets.xcassets */; };
		2DF48A542C01F186002F754E /* metro-now-widgetsExtension.appex in Embed Foundation Extensions */ = {isa = PBXBuildFile; fileRef = 2DF48A442C01F185002F754E /* metro-now-widgetsExtension.appex */; settings = {ATTRIBUTES = (RemoveHeadersOnCopy, ); }; };
		2DF48A592C01FF41002F754E /* metroUtils.swift in Sources */ = {isa = PBXBuildFile; fileRef = 2D1B2C472BFAD7F2007ED5EB /* metroUtils.swift */; };
		2DF48A5A2C01FF58002F754E /* metroStationsTypes.swift in Sources */ = {isa = PBXBuildFile; fileRef = 2D1B2C512BFAD90B007ED5EB /* metroStationsTypes.swift */; };
		2DF48A5B2C01FF9B002F754E /* jsonUtils.swift in Sources */ = {isa = PBXBuildFile; fileRef = 2D1B2C412BFAD72C007ED5EB /* jsonUtils.swift */; };
		2DF48A5C2C01FFAA002F754E /* fileUtils.swift in Sources */ = {isa = PBXBuildFile; fileRef = 2D1B2C4A2BFAD807007ED5EB /* fileUtils.swift */; };
		2DF48A5F2C01FFE7002F754E /* Departure.swift in Sources */ = {isa = PBXBuildFile; fileRef = 2DF48A5E2C01FFE7002F754E /* Departure.swift */; };
		2DF48A612C020010002F754E /* WidgetHeading.swift in Sources */ = {isa = PBXBuildFile; fileRef = 2DF48A602C020010002F754E /* WidgetHeading.swift */; };
		2DF48A652C020088002F754E /* SimpleEntryType.swift in Sources */ = {isa = PBXBuildFile; fileRef = 2DF48A642C020088002F754E /* SimpleEntryType.swift */; };
		2DF48A672C02017F002F754E /* Provider.swift in Sources */ = {isa = PBXBuildFile; fileRef = 2DF48A662C02017F002F754E /* Provider.swift */; };
		2DF48A692C0201F8002F754E /* SmallWidgetView.swift in Sources */ = {isa = PBXBuildFile; fileRef = 2DF48A682C0201F8002F754E /* SmallWidgetView.swift */; };
		2DF48A6D2C020543002F754E /* PlaceholderView.swift in Sources */ = {isa = PBXBuildFile; fileRef = 2DF48A6C2C020543002F754E /* PlaceholderView.swift */; };
		2DF48A6E2C02510C002F754E /* networkUtils.swift in Sources */ = {isa = PBXBuildFile; fileRef = 2D4D8F842C0010A5006F9080 /* networkUtils.swift */; };
		2DF48A712C02514E002F754E /* departuresResponseTypes.swift in Sources */ = {isa = PBXBuildFile; fileRef = 2DF48A702C02514E002F754E /* departuresResponseTypes.swift */; };
		2DF48A722C02514E002F754E /* departuresResponseTypes.swift in Sources */ = {isa = PBXBuildFile; fileRef = 2DF48A702C02514E002F754E /* departuresResponseTypes.swift */; };
		2DF66D982BFD39B000B31FA2 /* test-coordinates.swift in Sources */ = {isa = PBXBuildFile; fileRef = 2DF66D972BFD39B000B31FA2 /* test-coordinates.swift */; };
		2DF66D992BFD39B000B31FA2 /* test-coordinates.swift in Sources */ = {isa = PBXBuildFile; fileRef = 2DF66D972BFD39B000B31FA2 /* test-coordinates.swift */; };
/* End PBXBuildFile section */

/* Begin PBXContainerItemProxy section */
		2D44868E2BFAA10B005C59CE /* PBXContainerItemProxy */ = {
			isa = PBXContainerItemProxy;
			containerPortal = 2DC639D02BF3CCBA00A72C7F /* Project object */;
			proxyType = 1;
			remoteGlobalIDString = 2D4486822BFAA10A005C59CE;
			remoteInfo = "metro-now-watch Watch App";
		};
		2DC63A1C2BF50E8F00A72C7F /* PBXContainerItemProxy */ = {
			isa = PBXContainerItemProxy;
			containerPortal = 2DC639D02BF3CCBA00A72C7F /* Project object */;
			proxyType = 1;
			remoteGlobalIDString = 2DC639D72BF3CCBA00A72C7F;
			remoteInfo = "metro-now";
		};
		2DF48A522C01F186002F754E /* PBXContainerItemProxy */ = {
			isa = PBXContainerItemProxy;
			containerPortal = 2DC639D02BF3CCBA00A72C7F /* Project object */;
			proxyType = 1;
			remoteGlobalIDString = 2DF48A432C01F185002F754E;
			remoteInfo = "metro-now-widgetsExtension";
		};
/* End PBXContainerItemProxy section */

/* Begin PBXCopyFilesBuildPhase section */
		2D4486912BFAA10B005C59CE /* Embed Watch Content */ = {
			isa = PBXCopyFilesBuildPhase;
			buildActionMask = 2147483647;
			dstPath = "$(CONTENTS_FOLDER_PATH)/Watch";
			dstSubfolderSpec = 16;
			files = (
				2D4486902BFAA10B005C59CE /* metro-now-watch Watch App.app in Embed Watch Content */,
			);
			name = "Embed Watch Content";
			runOnlyForDeploymentPostprocessing = 0;
		};
		2DF48A552C01F186002F754E /* Embed Foundation Extensions */ = {
			isa = PBXCopyFilesBuildPhase;
			buildActionMask = 2147483647;
			dstPath = "";
			dstSubfolderSpec = 13;
			files = (
				2DF48A542C01F186002F754E /* metro-now-widgetsExtension.appex in Embed Foundation Extensions */,
			);
			name = "Embed Foundation Extensions";
			runOnlyForDeploymentPostprocessing = 0;
		};
/* End PBXCopyFilesBuildPhase section */

/* Begin PBXFileReference section */
		2D1B2C3A2BFAD6CC007ED5EB /* LocationModel.swift */ = {isa = PBXFileReference; lastKnownFileType = sourcecode.swift; path = LocationModel.swift; sourceTree = "<group>"; };
		2D1B2C3E2BFAD70F007ED5EB /* timeUtils.swift */ = {isa = PBXFileReference; lastKnownFileType = sourcecode.swift; path = timeUtils.swift; sourceTree = "<group>"; };
		2D1B2C412BFAD72C007ED5EB /* jsonUtils.swift */ = {isa = PBXFileReference; lastKnownFileType = sourcecode.swift; path = jsonUtils.swift; sourceTree = "<group>"; };
		2D1B2C442BFAD7DB007ED5EB /* mapUtils.swift */ = {isa = PBXFileReference; lastKnownFileType = sourcecode.swift; path = mapUtils.swift; sourceTree = "<group>"; };
		2D1B2C472BFAD7F2007ED5EB /* metroUtils.swift */ = {isa = PBXFileReference; lastKnownFileType = sourcecode.swift; path = metroUtils.swift; sourceTree = "<group>"; };
		2D1B2C4A2BFAD807007ED5EB /* fileUtils.swift */ = {isa = PBXFileReference; lastKnownFileType = sourcecode.swift; path = fileUtils.swift; sourceTree = "<group>"; };
		2D1B2C4E2BFAD8ED007ED5EB /* metroRoutesTypes.swift */ = {isa = PBXFileReference; lastKnownFileType = sourcecode.swift; path = metroRoutesTypes.swift; sourceTree = "<group>"; };
		2D1B2C512BFAD90B007ED5EB /* metroStationsTypes.swift */ = {isa = PBXFileReference; lastKnownFileType = sourcecode.swift; path = metroStationsTypes.swift; sourceTree = "<group>"; };
		2D1B2C562BFAD9FB007ED5EB /* metro-stations.geojson */ = {isa = PBXFileReference; fileEncoding = 4; lastKnownFileType = text; name = "metro-stations.geojson"; path = "../../../data/metro-stations.geojson"; sourceTree = "<group>"; };
		2D350E662BFBE50600F68039 /* MapStationAnnotationView.swift */ = {isa = PBXFileReference; lastKnownFileType = sourcecode.swift; path = MapStationAnnotationView.swift; sourceTree = "<group>"; };
		2D350E682BFBF6B100F68039 /* metro-routes.geojson */ = {isa = PBXFileReference; fileEncoding = 4; lastKnownFileType = text; name = "metro-routes.geojson"; path = "../../../data/metro-routes.geojson"; sourceTree = "<group>"; };
		2D4486832BFAA10A005C59CE /* metro-now-watch Watch App.app */ = {isa = PBXFileReference; explicitFileType = wrapper.application; includeInIndex = 0; path = "metro-now-watch Watch App.app"; sourceTree = BUILT_PRODUCTS_DIR; };
		2D4486852BFAA10A005C59CE /* metro_now_watchApp.swift */ = {isa = PBXFileReference; lastKnownFileType = sourcecode.swift; path = metro_now_watchApp.swift; sourceTree = "<group>"; };
		2D4486872BFAA10A005C59CE /* ContentView.swift */ = {isa = PBXFileReference; lastKnownFileType = sourcecode.swift; path = ContentView.swift; sourceTree = "<group>"; };
		2D4486892BFAA10B005C59CE /* Assets.xcassets */ = {isa = PBXFileReference; lastKnownFileType = folder.assetcatalog; path = Assets.xcassets; sourceTree = "<group>"; };
		2D44868C2BFAA10B005C59CE /* Preview Assets.xcassets */ = {isa = PBXFileReference; lastKnownFileType = folder.assetcatalog; path = "Preview Assets.xcassets"; sourceTree = "<group>"; };
		2D4D8F842C0010A5006F9080 /* networkUtils.swift */ = {isa = PBXFileReference; lastKnownFileType = sourcecode.swift; path = networkUtils.swift; sourceTree = "<group>"; };
		2D84CCA02BF8BD7500D2382B /* PlatformListViewModel.swift */ = {isa = PBXFileReference; lastKnownFileType = sourcecode.swift; path = PlatformListViewModel.swift; sourceTree = "<group>"; };
		2DC639D82BF3CCBA00A72C7F /* metro-now.app */ = {isa = PBXFileReference; explicitFileType = wrapper.application; includeInIndex = 0; path = "metro-now.app"; sourceTree = BUILT_PRODUCTS_DIR; };
		2DC639DB2BF3CCBA00A72C7F /* metro_nowApp.swift */ = {isa = PBXFileReference; lastKnownFileType = sourcecode.swift; path = metro_nowApp.swift; sourceTree = "<group>"; };
		2DC639DD2BF3CCBA00A72C7F /* PlatformListView.swift */ = {isa = PBXFileReference; lastKnownFileType = sourcecode.swift; path = PlatformListView.swift; sourceTree = "<group>"; };
		2DC639DF2BF3CCBC00A72C7F /* Assets.xcassets */ = {isa = PBXFileReference; lastKnownFileType = folder.assetcatalog; path = Assets.xcassets; sourceTree = "<group>"; };
		2DC639E22BF3CCBC00A72C7F /* Preview Assets.xcassets */ = {isa = PBXFileReference; lastKnownFileType = folder.assetcatalog; path = "Preview Assets.xcassets"; sourceTree = "<group>"; };
		2DC639EC2BF3CFCF00A72C7F /* PlatformListItem.swift */ = {isa = PBXFileReference; lastKnownFileType = sourcecode.swift; path = PlatformListItem.swift; sourceTree = "<group>"; };
		2DC639FF2BF4B1E300A72C7F /* PlatformDetailView.swift */ = {isa = PBXFileReference; lastKnownFileType = sourcecode.swift; path = PlatformDetailView.swift; sourceTree = "<group>"; };
		2DC63A012BF4B20E00A72C7F /* PlatformDetailDepartureListView:.swift */ = {isa = PBXFileReference; lastKnownFileType = sourcecode.swift; path = "PlatformDetailDepartureListView:.swift"; sourceTree = "<group>"; };
		2DC63A032BF4C1E200A72C7F /* MainTabView.swift */ = {isa = PBXFileReference; lastKnownFileType = sourcecode.swift; path = MainTabView.swift; sourceTree = "<group>"; };
		2DC63A072BF4C25B00A72C7F /* MapView.swift */ = {isa = PBXFileReference; lastKnownFileType = sourcecode.swift; path = MapView.swift; sourceTree = "<group>"; };
		2DC63A182BF50E8F00A72C7F /* metro-now-tests.xctest */ = {isa = PBXFileReference; explicitFileType = wrapper.cfbundle; includeInIndex = 0; path = "metro-now-tests.xctest"; sourceTree = BUILT_PRODUCTS_DIR; };
		2DC63A212BF50EDD00A72C7F /* timeUtilsTests.swift */ = {isa = PBXFileReference; lastKnownFileType = sourcecode.swift; path = timeUtilsTests.swift; sourceTree = "<group>"; };
		2DC63A232BF5266700A72C7F /* metroUtilsTests.swift */ = {isa = PBXFileReference; lastKnownFileType = sourcecode.swift; path = metroUtilsTests.swift; sourceTree = "<group>"; };
		2DC63A252BF5280F00A72C7F /* jsonUtilsTests.swift */ = {isa = PBXFileReference; lastKnownFileType = sourcecode.swift; path = jsonUtilsTests.swift; sourceTree = "<group>"; };
		2DF48A442C01F185002F754E /* metro-now-widgetsExtension.appex */ = {isa = PBXFileReference; explicitFileType = "wrapper.app-extension"; includeInIndex = 0; path = "metro-now-widgetsExtension.appex"; sourceTree = BUILT_PRODUCTS_DIR; };
		2DF48A462C01F185002F754E /* WidgetKit.framework */ = {isa = PBXFileReference; lastKnownFileType = wrapper.framework; name = WidgetKit.framework; path = System/Library/Frameworks/WidgetKit.framework; sourceTree = SDKROOT; };
		2DF48A482C01F185002F754E /* SwiftUI.framework */ = {isa = PBXFileReference; lastKnownFileType = wrapper.framework; name = SwiftUI.framework; path = System/Library/Frameworks/SwiftUI.framework; sourceTree = SDKROOT; };
		2DF48A4B2C01F186002F754E /* metro_now_widgetsBundle.swift */ = {isa = PBXFileReference; lastKnownFileType = sourcecode.swift; path = metro_now_widgetsBundle.swift; sourceTree = "<group>"; };
		2DF48A4D2C01F186002F754E /* metro_now_widgets.swift */ = {isa = PBXFileReference; lastKnownFileType = sourcecode.swift; path = metro_now_widgets.swift; sourceTree = "<group>"; };
		2DF48A4F2C01F186002F754E /* Assets.xcassets */ = {isa = PBXFileReference; lastKnownFileType = folder.assetcatalog; path = Assets.xcassets; sourceTree = "<group>"; };
		2DF48A512C01F186002F754E /* Info.plist */ = {isa = PBXFileReference; lastKnownFileType = text.plist.xml; path = Info.plist; sourceTree = "<group>"; };
		2DF48A5E2C01FFE7002F754E /* Departure.swift */ = {isa = PBXFileReference; lastKnownFileType = sourcecode.swift; path = Departure.swift; sourceTree = "<group>"; };
		2DF48A602C020010002F754E /* WidgetHeading.swift */ = {isa = PBXFileReference; lastKnownFileType = sourcecode.swift; path = WidgetHeading.swift; sourceTree = "<group>"; };
		2DF48A642C020088002F754E /* SimpleEntryType.swift */ = {isa = PBXFileReference; lastKnownFileType = sourcecode.swift; path = SimpleEntryType.swift; sourceTree = "<group>"; };
		2DF48A662C02017F002F754E /* Provider.swift */ = {isa = PBXFileReference; lastKnownFileType = sourcecode.swift; path = Provider.swift; sourceTree = "<group>"; };
		2DF48A682C0201F8002F754E /* SmallWidgetView.swift */ = {isa = PBXFileReference; lastKnownFileType = sourcecode.swift; path = SmallWidgetView.swift; sourceTree = "<group>"; };
		2DF48A6C2C020543002F754E /* PlaceholderView.swift */ = {isa = PBXFileReference; lastKnownFileType = sourcecode.swift; path = PlaceholderView.swift; sourceTree = "<group>"; };
		2DF48A702C02514E002F754E /* departuresResponseTypes.swift */ = {isa = PBXFileReference; lastKnownFileType = sourcecode.swift; path = departuresResponseTypes.swift; sourceTree = "<group>"; };
		2DF66D972BFD39B000B31FA2 /* test-coordinates.swift */ = {isa = PBXFileReference; lastKnownFileType = sourcecode.swift; path = "test-coordinates.swift"; sourceTree = "<group>"; };
/* End PBXFileReference section */

/* Begin PBXFrameworksBuildPhase section */
		2D4486802BFAA10A005C59CE /* Frameworks */ = {
			isa = PBXFrameworksBuildPhase;
			buildActionMask = 2147483647;
			files = (
			);
			runOnlyForDeploymentPostprocessing = 0;
		};
		2DC639D52BF3CCBA00A72C7F /* Frameworks */ = {
			isa = PBXFrameworksBuildPhase;
			buildActionMask = 2147483647;
			files = (
			);
			runOnlyForDeploymentPostprocessing = 0;
		};
		2DC63A152BF50E8F00A72C7F /* Frameworks */ = {
			isa = PBXFrameworksBuildPhase;
			buildActionMask = 2147483647;
			files = (
			);
			runOnlyForDeploymentPostprocessing = 0;
		};
		2DF48A412C01F185002F754E /* Frameworks */ = {
			isa = PBXFrameworksBuildPhase;
			buildActionMask = 2147483647;
			files = (
				2DF48A492C01F185002F754E /* SwiftUI.framework in Frameworks */,
				2DF48A472C01F185002F754E /* WidgetKit.framework in Frameworks */,
			);
			runOnlyForDeploymentPostprocessing = 0;
		};
/* End PBXFrameworksBuildPhase section */

/* Begin PBXGroup section */
		2D1B2C382BFAD690007ED5EB /* Common */ = {
			isa = PBXGroup;
			children = (
				2D1B2C5B2BFADAAA007ED5EB /* Components */,
				2D1B2C542BFAD93F007ED5EB /* Data */,
				2D1B2C392BFAD6AB007ED5EB /* Models */,
				2D1B2C4D2BFAD8DC007ED5EB /* Types */,
				2D1B2C3D2BFAD6F6007ED5EB /* Utils */,
			);
			path = Common;
			sourceTree = "<group>";
		};
		2D1B2C392BFAD6AB007ED5EB /* Models */ = {
			isa = PBXGroup;
			children = (
				2D1B2C3A2BFAD6CC007ED5EB /* LocationModel.swift */,
			);
			path = Models;
			sourceTree = "<group>";
		};
		2D1B2C3D2BFAD6F6007ED5EB /* Utils */ = {
			isa = PBXGroup;
			children = (
				2D1B2C3E2BFAD70F007ED5EB /* timeUtils.swift */,
				2D4D8F842C0010A5006F9080 /* networkUtils.swift */,
				2D1B2C412BFAD72C007ED5EB /* jsonUtils.swift */,
				2D1B2C442BFAD7DB007ED5EB /* mapUtils.swift */,
				2D1B2C4A2BFAD807007ED5EB /* fileUtils.swift */,
				2D1B2C472BFAD7F2007ED5EB /* metroUtils.swift */,
			);
			path = Utils;
			sourceTree = "<group>";
		};
		2D1B2C4D2BFAD8DC007ED5EB /* Types */ = {
			isa = PBXGroup;
			children = (
				2D1B2C4E2BFAD8ED007ED5EB /* metroRoutesTypes.swift */,
				2D1B2C512BFAD90B007ED5EB /* metroStationsTypes.swift */,
				2DF48A702C02514E002F754E /* departuresResponseTypes.swift */,
			);
			path = Types;
			sourceTree = "<group>";
		};
		2D1B2C542BFAD93F007ED5EB /* Data */ = {
			isa = PBXGroup;
			children = (
				2D1B2C562BFAD9FB007ED5EB /* metro-stations.geojson */,
				2D350E682BFBF6B100F68039 /* metro-routes.geojson */,
				2DF66D972BFD39B000B31FA2 /* test-coordinates.swift */,
			);
			path = Data;
			sourceTree = "<group>";
		};
		2D1B2C5B2BFADAAA007ED5EB /* Components */ = {
			isa = PBXGroup;
			children = (
			);
			path = Components;
			sourceTree = "<group>";
		};
		2D4486842BFAA10A005C59CE /* metro-now-watch Watch App */ = {
			isa = PBXGroup;
			children = (
				2D4486852BFAA10A005C59CE /* metro_now_watchApp.swift */,
				2D4486872BFAA10A005C59CE /* ContentView.swift */,
				2D4486892BFAA10B005C59CE /* Assets.xcassets */,
				2D44868B2BFAA10B005C59CE /* Preview Content */,
			);
			path = "metro-now-watch Watch App";
			sourceTree = "<group>";
		};
		2D44868B2BFAA10B005C59CE /* Preview Content */ = {
			isa = PBXGroup;
			children = (
				2D44868C2BFAA10B005C59CE /* Preview Assets.xcassets */,
			);
			path = "Preview Content";
			sourceTree = "<group>";
		};
		2DC639CF2BF3CCBA00A72C7F = {
			isa = PBXGroup;
			children = (
				2D1B2C382BFAD690007ED5EB /* Common */,
				2DC639DA2BF3CCBA00A72C7F /* metro-now */,
				2DC63A192BF50E8F00A72C7F /* metro-now-tests */,
				2D4486842BFAA10A005C59CE /* metro-now-watch Watch App */,
				2DF48A4A2C01F186002F754E /* metro-now-widgets */,
				2DF48A452C01F185002F754E /* Frameworks */,
				2DC639D92BF3CCBA00A72C7F /* Products */,
			);
			sourceTree = "<group>";
		};
		2DC639D92BF3CCBA00A72C7F /* Products */ = {
			isa = PBXGroup;
			children = (
				2DC639D82BF3CCBA00A72C7F /* metro-now.app */,
				2DC63A182BF50E8F00A72C7F /* metro-now-tests.xctest */,
				2D4486832BFAA10A005C59CE /* metro-now-watch Watch App.app */,
				2DF48A442C01F185002F754E /* metro-now-widgetsExtension.appex */,
			);
			name = Products;
			sourceTree = "<group>";
		};
		2DC639DA2BF3CCBA00A72C7F /* metro-now */ = {
			isa = PBXGroup;
			children = (
				2DC639E92BF3CD3900A72C7F /* Core */,
				2DC639DB2BF3CCBA00A72C7F /* metro_nowApp.swift */,
				2DC639DF2BF3CCBC00A72C7F /* Assets.xcassets */,
				2DC639E12BF3CCBC00A72C7F /* Preview Content */,
			);
			path = "metro-now";
			sourceTree = "<group>";
		};
		2DC639E12BF3CCBC00A72C7F /* Preview Content */ = {
			isa = PBXGroup;
			children = (
				2DC639E22BF3CCBC00A72C7F /* Preview Assets.xcassets */,
			);
			path = "Preview Content";
			sourceTree = "<group>";
		};
		2DC639E92BF3CD3900A72C7F /* Core */ = {
			isa = PBXGroup;
			children = (
				2DC63A062BF4C24C00A72C7F /* Map */,
				2DC639FE2BF4B1C600A72C7F /* PlatformDetail */,
				2DC639EA2BF3CD4700A72C7F /* PlatformList */,
				2DC63A052BF4C1E800A72C7F /* TabBar */,
			);
			path = Core;
			sourceTree = "<group>";
		};
		2DC639EA2BF3CD4700A72C7F /* PlatformList */ = {
			isa = PBXGroup;
			children = (
				2DC639DD2BF3CCBA00A72C7F /* PlatformListView.swift */,
				2D84CCA02BF8BD7500D2382B /* PlatformListViewModel.swift */,
				2DC639EC2BF3CFCF00A72C7F /* PlatformListItem.swift */,
			);
			path = PlatformList;
			sourceTree = "<group>";
		};
		2DC639FE2BF4B1C600A72C7F /* PlatformDetail */ = {
			isa = PBXGroup;
			children = (
				2DC639FF2BF4B1E300A72C7F /* PlatformDetailView.swift */,
				2DC63A012BF4B20E00A72C7F /* PlatformDetailDepartureListView:.swift */,
			);
			path = PlatformDetail;
			sourceTree = "<group>";
		};
		2DC63A052BF4C1E800A72C7F /* TabBar */ = {
			isa = PBXGroup;
			children = (
				2DC63A032BF4C1E200A72C7F /* MainTabView.swift */,
			);
			path = TabBar;
			sourceTree = "<group>";
		};
		2DC63A062BF4C24C00A72C7F /* Map */ = {
			isa = PBXGroup;
			children = (
				2DC63A072BF4C25B00A72C7F /* MapView.swift */,
				2D350E662BFBE50600F68039 /* MapStationAnnotationView.swift */,
			);
			path = Map;
			sourceTree = "<group>";
		};
		2DC63A192BF50E8F00A72C7F /* metro-now-tests */ = {
			isa = PBXGroup;
			children = (
				2DC63A212BF50EDD00A72C7F /* timeUtilsTests.swift */,
				2DC63A232BF5266700A72C7F /* metroUtilsTests.swift */,
				2DC63A252BF5280F00A72C7F /* jsonUtilsTests.swift */,
			);
			path = "metro-now-tests";
			sourceTree = "<group>";
		};
		2DF48A452C01F185002F754E /* Frameworks */ = {
			isa = PBXGroup;
			children = (
				2DF48A462C01F185002F754E /* WidgetKit.framework */,
				2DF48A482C01F185002F754E /* SwiftUI.framework */,
			);
			name = Frameworks;
			sourceTree = "<group>";
		};
		2DF48A4A2C01F186002F754E /* metro-now-widgets */ = {
			isa = PBXGroup;
			children = (
				2DF48A5D2C01FFD6002F754E /* Core */,
				2DF48A4B2C01F186002F754E /* metro_now_widgetsBundle.swift */,
				2DF48A4D2C01F186002F754E /* metro_now_widgets.swift */,
				2DF48A4F2C01F186002F754E /* Assets.xcassets */,
				2DF48A512C01F186002F754E /* Info.plist */,
			);
			path = "metro-now-widgets";
			sourceTree = "<group>";
		};
		2DF48A5D2C01FFD6002F754E /* Core */ = {
			isa = PBXGroup;
			children = (
				2DF48A632C020079002F754E /* Types */,
				2DF48A622C02006C002F754E /* Views */,
				2DF48A662C02017F002F754E /* Provider.swift */,
			);
			path = Core;
			sourceTree = "<group>";
		};
		2DF48A622C02006C002F754E /* Views */ = {
			isa = PBXGroup;
			children = (
				2DF48A5E2C01FFE7002F754E /* Departure.swift */,
				2DF48A682C0201F8002F754E /* SmallWidgetView.swift */,
				2DF48A602C020010002F754E /* WidgetHeading.swift */,
				2DF48A6C2C020543002F754E /* PlaceholderView.swift */,
			);
			path = Views;
			sourceTree = "<group>";
		};
		2DF48A632C020079002F754E /* Types */ = {
			isa = PBXGroup;
			children = (
				2DF48A642C020088002F754E /* SimpleEntryType.swift */,
			);
			path = Types;
			sourceTree = "<group>";
		};
/* End PBXGroup section */

/* Begin PBXNativeTarget section */
		2D4486822BFAA10A005C59CE /* metro-now-watch Watch App */ = {
			isa = PBXNativeTarget;
			buildConfigurationList = 2D4486942BFAA10B005C59CE /* Build configuration list for PBXNativeTarget "metro-now-watch Watch App" */;
			buildPhases = (
				2D44867F2BFAA10A005C59CE /* Sources */,
				2D4486802BFAA10A005C59CE /* Frameworks */,
				2D4486812BFAA10A005C59CE /* Resources */,
			);
			buildRules = (
			);
			dependencies = (
			);
			name = "metro-now-watch Watch App";
			productName = "metro-now-watch Watch App";
			productReference = 2D4486832BFAA10A005C59CE /* metro-now-watch Watch App.app */;
			productType = "com.apple.product-type.application";
		};
		2DC639D72BF3CCBA00A72C7F /* metro-now */ = {
			isa = PBXNativeTarget;
			buildConfigurationList = 2DC639E62BF3CCBC00A72C7F /* Build configuration list for PBXNativeTarget "metro-now" */;
			buildPhases = (
				2DC639D42BF3CCBA00A72C7F /* Sources */,
				2DC639D52BF3CCBA00A72C7F /* Frameworks */,
				2DC639D62BF3CCBA00A72C7F /* Resources */,
				2D4486912BFAA10B005C59CE /* Embed Watch Content */,
				2DF48A552C01F186002F754E /* Embed Foundation Extensions */,
			);
			buildRules = (
			);
			dependencies = (
				2D44868F2BFAA10B005C59CE /* PBXTargetDependency */,
				2DF48A532C01F186002F754E /* PBXTargetDependency */,
			);
			name = "metro-now";
			productName = "metro-now";
			productReference = 2DC639D82BF3CCBA00A72C7F /* metro-now.app */;
			productType = "com.apple.product-type.application";
		};
		2DC63A172BF50E8F00A72C7F /* metro-now-tests */ = {
			isa = PBXNativeTarget;
			buildConfigurationList = 2DC63A1E2BF50E8F00A72C7F /* Build configuration list for PBXNativeTarget "metro-now-tests" */;
			buildPhases = (
				2DC63A142BF50E8F00A72C7F /* Sources */,
				2DC63A152BF50E8F00A72C7F /* Frameworks */,
				2DC63A162BF50E8F00A72C7F /* Resources */,
			);
			buildRules = (
			);
			dependencies = (
				2DC63A1D2BF50E8F00A72C7F /* PBXTargetDependency */,
			);
			name = "metro-now-tests";
			productName = "metro-now-tests";
			productReference = 2DC63A182BF50E8F00A72C7F /* metro-now-tests.xctest */;
			productType = "com.apple.product-type.bundle.unit-test";
		};
		2DF48A432C01F185002F754E /* metro-now-widgetsExtension */ = {
			isa = PBXNativeTarget;
			buildConfigurationList = 2DF48A582C01F186002F754E /* Build configuration list for PBXNativeTarget "metro-now-widgetsExtension" */;
			buildPhases = (
				2DF48A402C01F185002F754E /* Sources */,
				2DF48A412C01F185002F754E /* Frameworks */,
				2DF48A422C01F185002F754E /* Resources */,
			);
			buildRules = (
			);
			dependencies = (
			);
			name = "metro-now-widgetsExtension";
			productName = "metro-now-widgetsExtension";
			productReference = 2DF48A442C01F185002F754E /* metro-now-widgetsExtension.appex */;
			productType = "com.apple.product-type.app-extension";
		};
/* End PBXNativeTarget section */

/* Begin PBXProject section */
		2DC639D02BF3CCBA00A72C7F /* Project object */ = {
			isa = PBXProject;
			attributes = {
				BuildIndependentTargetsInParallel = 1;
				LastSwiftUpdateCheck = 1540;
				LastUpgradeCheck = 1540;
				TargetAttributes = {
					2D4486822BFAA10A005C59CE = {
						CreatedOnToolsVersion = 15.4;
					};
					2DC639D72BF3CCBA00A72C7F = {
						CreatedOnToolsVersion = 15.4;
					};
					2DC63A172BF50E8F00A72C7F = {
						CreatedOnToolsVersion = 15.4;
						TestTargetID = 2DC639D72BF3CCBA00A72C7F;
					};
					2DF48A432C01F185002F754E = {
						CreatedOnToolsVersion = 15.4;
					};
				};
			};
			buildConfigurationList = 2DC639D32BF3CCBA00A72C7F /* Build configuration list for PBXProject "metro-now" */;
			compatibilityVersion = "Xcode 14.0";
			developmentRegion = en;
			hasScannedForEncodings = 0;
			knownRegions = (
				en,
				Base,
			);
			mainGroup = 2DC639CF2BF3CCBA00A72C7F;
			productRefGroup = 2DC639D92BF3CCBA00A72C7F /* Products */;
			projectDirPath = "";
			projectRoot = "";
			targets = (
				2DC639D72BF3CCBA00A72C7F /* metro-now */,
				2DC63A172BF50E8F00A72C7F /* metro-now-tests */,
				2D4486822BFAA10A005C59CE /* metro-now-watch Watch App */,
				2DF48A432C01F185002F754E /* metro-now-widgetsExtension */,
			);
		};
/* End PBXProject section */

/* Begin PBXResourcesBuildPhase section */
		2D4486812BFAA10A005C59CE /* Resources */ = {
			isa = PBXResourcesBuildPhase;
			buildActionMask = 2147483647;
			files = (
				2D44868D2BFAA10B005C59CE /* Preview Assets.xcassets in Resources */,
				2D350E6A2BFBF6B100F68039 /* metro-routes.geojson in Resources */,
				2D1B2C5A2BFAD9FB007ED5EB /* metro-stations.geojson in Resources */,
				2D44868A2BFAA10B005C59CE /* Assets.xcassets in Resources */,
			);
			runOnlyForDeploymentPostprocessing = 0;
		};
		2DC639D62BF3CCBA00A72C7F /* Resources */ = {
			isa = PBXResourcesBuildPhase;
			buildActionMask = 2147483647;
			files = (
				2DC639E32BF3CCBC00A72C7F /* Preview Assets.xcassets in Resources */,
				2D350E692BFBF6B100F68039 /* metro-routes.geojson in Resources */,
				2D1B2C592BFAD9FB007ED5EB /* metro-stations.geojson in Resources */,
				2DC639E02BF3CCBC00A72C7F /* Assets.xcassets in Resources */,
			);
			runOnlyForDeploymentPostprocessing = 0;
		};
		2DC63A162BF50E8F00A72C7F /* Resources */ = {
			isa = PBXResourcesBuildPhase;
			buildActionMask = 2147483647;
			files = (
			);
			runOnlyForDeploymentPostprocessing = 0;
		};
		2DF48A422C01F185002F754E /* Resources */ = {
			isa = PBXResourcesBuildPhase;
			buildActionMask = 2147483647;
			files = (
				2DF48A502C01F186002F754E /* Assets.xcassets in Resources */,
			);
			runOnlyForDeploymentPostprocessing = 0;
		};
/* End PBXResourcesBuildPhase section */

/* Begin PBXSourcesBuildPhase section */
		2D44867F2BFAA10A005C59CE /* Sources */ = {
			isa = PBXSourcesBuildPhase;
			buildActionMask = 2147483647;
			files = (
				2D1B2C432BFAD72C007ED5EB /* jsonUtils.swift in Sources */,
				2D4486882BFAA10A005C59CE /* ContentView.swift in Sources */,
				2D1B2C492BFAD7F2007ED5EB /* metroUtils.swift in Sources */,
				2D1B2C4C2BFAD807007ED5EB /* fileUtils.swift in Sources */,
				2DF66D992BFD39B000B31FA2 /* test-coordinates.swift in Sources */,
				2D1B2C532BFAD90B007ED5EB /* metroStationsTypes.swift in Sources */,
				2D1B2C502BFAD8ED007ED5EB /* metroRoutesTypes.swift in Sources */,
				2D1B2C462BFAD7DB007ED5EB /* mapUtils.swift in Sources */,
				2D1B2C3C2BFAD6CC007ED5EB /* LocationModel.swift in Sources */,
				2D1B2C402BFAD70F007ED5EB /* timeUtils.swift in Sources */,
				2D4486862BFAA10A005C59CE /* metro_now_watchApp.swift in Sources */,
			);
			runOnlyForDeploymentPostprocessing = 0;
		};
		2DC639D42BF3CCBA00A72C7F /* Sources */ = {
			isa = PBXSourcesBuildPhase;
			buildActionMask = 2147483647;
			files = (
				2D1B2C522BFAD90B007ED5EB /* metroStationsTypes.swift in Sources */,
				2DC639DE2BF3CCBA00A72C7F /* PlatformListView.swift in Sources */,
				2DC63A082BF4C25B00A72C7F /* MapView.swift in Sources */,
				2DC63A042BF4C1E200A72C7F /* MainTabView.swift in Sources */,
				2D1B2C4B2BFAD807007ED5EB /* fileUtils.swift in Sources */,
				2D1B2C482BFAD7F2007ED5EB /* metroUtils.swift in Sources */,
				2D1B2C3B2BFAD6CC007ED5EB /* LocationModel.swift in Sources */,
				2D350E672BFBE50600F68039 /* MapStationAnnotationView.swift in Sources */,
				2D1B2C422BFAD72C007ED5EB /* jsonUtils.swift in Sources */,
				2D1B2C3F2BFAD70F007ED5EB /* timeUtils.swift in Sources */,
				2DC639DC2BF3CCBA00A72C7F /* metro_nowApp.swift in Sources */,
				2D4D8F852C0010A5006F9080 /* networkUtils.swift in Sources */,
				2DF66D982BFD39B000B31FA2 /* test-coordinates.swift in Sources */,
				2DC63A002BF4B1E300A72C7F /* PlatformDetailView.swift in Sources */,
				2DC63A022BF4B20E00A72C7F /* PlatformDetailDepartureListView:.swift in Sources */,
				2DF48A712C02514E002F754E /* departuresResponseTypes.swift in Sources */,
				2D1B2C4F2BFAD8ED007ED5EB /* metroRoutesTypes.swift in Sources */,
				2D84CCA12BF8BD7500D2382B /* PlatformListViewModel.swift in Sources */,
				2D1B2C452BFAD7DB007ED5EB /* mapUtils.swift in Sources */,
				2DC639ED2BF3CFCF00A72C7F /* PlatformListItem.swift in Sources */,
			);
			runOnlyForDeploymentPostprocessing = 0;
		};
		2DC63A142BF50E8F00A72C7F /* Sources */ = {
			isa = PBXSourcesBuildPhase;
			buildActionMask = 2147483647;
			files = (
				2DC63A242BF5266700A72C7F /* metroUtilsTests.swift in Sources */,
				2DC63A262BF5280F00A72C7F /* jsonUtilsTests.swift in Sources */,
				2DC63A222BF50EDD00A72C7F /* timeUtilsTests.swift in Sources */,
			);
			runOnlyForDeploymentPostprocessing = 0;
		};
		2DF48A402C01F185002F754E /* Sources */ = {
			isa = PBXSourcesBuildPhase;
			buildActionMask = 2147483647;
			files = (
				2DF48A5B2C01FF9B002F754E /* jsonUtils.swift in Sources */,
				2DF48A722C02514E002F754E /* departuresResponseTypes.swift in Sources */,
				2DF48A5A2C01FF58002F754E /* metroStationsTypes.swift in Sources */,
				2DF48A6D2C020543002F754E /* PlaceholderView.swift in Sources */,
				2DF48A612C020010002F754E /* WidgetHeading.swift in Sources */,
				2DF48A592C01FF41002F754E /* metroUtils.swift in Sources */,
				2DF48A5F2C01FFE7002F754E /* Departure.swift in Sources */,
				2DF48A6E2C02510C002F754E /* networkUtils.swift in Sources */,
				2DF48A5C2C01FFAA002F754E /* fileUtils.swift in Sources */,
				2DF48A692C0201F8002F754E /* SmallWidgetView.swift in Sources */,
				2DF48A652C020088002F754E /* SimpleEntryType.swift in Sources */,
				2DF48A4E2C01F186002F754E /* metro_now_widgets.swift in Sources */,
				2DF48A672C02017F002F754E /* Provider.swift in Sources */,
				2DF48A4C2C01F186002F754E /* metro_now_widgetsBundle.swift in Sources */,
			);
			runOnlyForDeploymentPostprocessing = 0;
		};
/* End PBXSourcesBuildPhase section */

/* Begin PBXTargetDependency section */
		2D44868F2BFAA10B005C59CE /* PBXTargetDependency */ = {
			isa = PBXTargetDependency;
			target = 2D4486822BFAA10A005C59CE /* metro-now-watch Watch App */;
			targetProxy = 2D44868E2BFAA10B005C59CE /* PBXContainerItemProxy */;
		};
		2DC63A1D2BF50E8F00A72C7F /* PBXTargetDependency */ = {
			isa = PBXTargetDependency;
			target = 2DC639D72BF3CCBA00A72C7F /* metro-now */;
			targetProxy = 2DC63A1C2BF50E8F00A72C7F /* PBXContainerItemProxy */;
		};
		2DF48A532C01F186002F754E /* PBXTargetDependency */ = {
			isa = PBXTargetDependency;
			target = 2DF48A432C01F185002F754E /* metro-now-widgetsExtension */;
			targetProxy = 2DF48A522C01F186002F754E /* PBXContainerItemProxy */;
		};
/* End PBXTargetDependency section */

/* Begin XCBuildConfiguration section */
		2D4486922BFAA10B005C59CE /* Debug */ = {
			isa = XCBuildConfiguration;
			buildSettings = {
				ASSETCATALOG_COMPILER_APPICON_NAME = AppIcon;
				ASSETCATALOG_COMPILER_GLOBAL_ACCENT_COLOR_NAME = AccentColor;
				CODE_SIGN_STYLE = Automatic;
				CURRENT_PROJECT_VERSION = 1;
				DEVELOPMENT_ASSET_PATHS = "\"metro-now-watch Watch App/Preview Content\"";
				DEVELOPMENT_TEAM = R6WU5ABNG2;
				ENABLE_PREVIEWS = YES;
				GENERATE_INFOPLIST_FILE = YES;
				INFOPLIST_KEY_CFBundleDisplayName = "metro-now-watch";
				INFOPLIST_KEY_UISupportedInterfaceOrientations = "UIInterfaceOrientationPortrait UIInterfaceOrientationPortraitUpsideDown";
				INFOPLIST_KEY_WKCompanionAppBundleIdentifier = "com.krystof.metro-now";
				LD_RUNPATH_SEARCH_PATHS = (
					"$(inherited)",
					"@executable_path/Frameworks",
				);
				MARKETING_VERSION = 1.0;
				PRODUCT_BUNDLE_IDENTIFIER = "com.krystof.metro-now.watchkitapp";
				PRODUCT_NAME = "$(TARGET_NAME)";
				SDKROOT = watchos;
				SKIP_INSTALL = YES;
				SWIFT_EMIT_LOC_STRINGS = YES;
				SWIFT_VERSION = 5.0;
				TARGETED_DEVICE_FAMILY = 4;
				WATCHOS_DEPLOYMENT_TARGET = 10.5;
			};
			name = Debug;
		};
		2D4486932BFAA10B005C59CE /* Release */ = {
			isa = XCBuildConfiguration;
			buildSettings = {
				ASSETCATALOG_COMPILER_APPICON_NAME = AppIcon;
				ASSETCATALOG_COMPILER_GLOBAL_ACCENT_COLOR_NAME = AccentColor;
				CODE_SIGN_STYLE = Automatic;
				CURRENT_PROJECT_VERSION = 1;
				DEVELOPMENT_ASSET_PATHS = "\"metro-now-watch Watch App/Preview Content\"";
				DEVELOPMENT_TEAM = R6WU5ABNG2;
				ENABLE_PREVIEWS = YES;
				GENERATE_INFOPLIST_FILE = YES;
				INFOPLIST_KEY_CFBundleDisplayName = "metro-now-watch";
				INFOPLIST_KEY_UISupportedInterfaceOrientations = "UIInterfaceOrientationPortrait UIInterfaceOrientationPortraitUpsideDown";
				INFOPLIST_KEY_WKCompanionAppBundleIdentifier = "com.krystof.metro-now";
				LD_RUNPATH_SEARCH_PATHS = (
					"$(inherited)",
					"@executable_path/Frameworks",
				);
				MARKETING_VERSION = 1.0;
				PRODUCT_BUNDLE_IDENTIFIER = "com.krystof.metro-now.watchkitapp";
				PRODUCT_NAME = "$(TARGET_NAME)";
				SDKROOT = watchos;
				SKIP_INSTALL = YES;
				SWIFT_EMIT_LOC_STRINGS = YES;
				SWIFT_VERSION = 5.0;
				TARGETED_DEVICE_FAMILY = 4;
				WATCHOS_DEPLOYMENT_TARGET = 10.5;
			};
			name = Release;
		};
		2DC639E42BF3CCBC00A72C7F /* Debug */ = {
			isa = XCBuildConfiguration;
			buildSettings = {
				ALWAYS_SEARCH_USER_PATHS = NO;
				ASSETCATALOG_COMPILER_GENERATE_SWIFT_ASSET_SYMBOL_EXTENSIONS = YES;
				CLANG_ANALYZER_NONNULL = YES;
				CLANG_ANALYZER_NUMBER_OBJECT_CONVERSION = YES_AGGRESSIVE;
				CLANG_CXX_LANGUAGE_STANDARD = "gnu++20";
				CLANG_ENABLE_MODULES = YES;
				CLANG_ENABLE_OBJC_ARC = YES;
				CLANG_ENABLE_OBJC_WEAK = YES;
				CLANG_WARN_BLOCK_CAPTURE_AUTORELEASING = YES;
				CLANG_WARN_BOOL_CONVERSION = YES;
				CLANG_WARN_COMMA = YES;
				CLANG_WARN_CONSTANT_CONVERSION = YES;
				CLANG_WARN_DEPRECATED_OBJC_IMPLEMENTATIONS = YES;
				CLANG_WARN_DIRECT_OBJC_ISA_USAGE = YES_ERROR;
				CLANG_WARN_DOCUMENTATION_COMMENTS = YES;
				CLANG_WARN_EMPTY_BODY = YES;
				CLANG_WARN_ENUM_CONVERSION = YES;
				CLANG_WARN_INFINITE_RECURSION = YES;
				CLANG_WARN_INT_CONVERSION = YES;
				CLANG_WARN_NON_LITERAL_NULL_CONVERSION = YES;
				CLANG_WARN_OBJC_IMPLICIT_RETAIN_SELF = YES;
				CLANG_WARN_OBJC_LITERAL_CONVERSION = YES;
				CLANG_WARN_OBJC_ROOT_CLASS = YES_ERROR;
				CLANG_WARN_QUOTED_INCLUDE_IN_FRAMEWORK_HEADER = YES;
				CLANG_WARN_RANGE_LOOP_ANALYSIS = YES;
				CLANG_WARN_STRICT_PROTOTYPES = YES;
				CLANG_WARN_SUSPICIOUS_MOVE = YES;
				CLANG_WARN_UNGUARDED_AVAILABILITY = YES_AGGRESSIVE;
				CLANG_WARN_UNREACHABLE_CODE = YES;
				CLANG_WARN__DUPLICATE_METHOD_MATCH = YES;
				COPY_PHASE_STRIP = NO;
				DEBUG_INFORMATION_FORMAT = dwarf;
				ENABLE_STRICT_OBJC_MSGSEND = YES;
				ENABLE_TESTABILITY = YES;
				ENABLE_USER_SCRIPT_SANDBOXING = YES;
				GCC_C_LANGUAGE_STANDARD = gnu17;
				GCC_DYNAMIC_NO_PIC = NO;
				GCC_NO_COMMON_BLOCKS = YES;
				GCC_OPTIMIZATION_LEVEL = 0;
				GCC_PREPROCESSOR_DEFINITIONS = (
					"DEBUG=1",
					"$(inherited)",
				);
				GCC_WARN_64_TO_32_BIT_CONVERSION = YES;
				GCC_WARN_ABOUT_RETURN_TYPE = YES_ERROR;
				GCC_WARN_UNDECLARED_SELECTOR = YES;
				GCC_WARN_UNINITIALIZED_AUTOS = YES_AGGRESSIVE;
				GCC_WARN_UNUSED_FUNCTION = YES;
				GCC_WARN_UNUSED_VARIABLE = YES;
				IPHONEOS_DEPLOYMENT_TARGET = 17.0;
				LOCALIZATION_PREFERS_STRING_CATALOGS = YES;
				MTL_ENABLE_DEBUG_INFO = INCLUDE_SOURCE;
				MTL_FAST_MATH = YES;
				ONLY_ACTIVE_ARCH = YES;
				SDKROOT = iphoneos;
				SWIFT_ACTIVE_COMPILATION_CONDITIONS = "DEBUG $(inherited)";
				SWIFT_OPTIMIZATION_LEVEL = "-Onone";
			};
			name = Debug;
		};
		2DC639E52BF3CCBC00A72C7F /* Release */ = {
			isa = XCBuildConfiguration;
			buildSettings = {
				ALWAYS_SEARCH_USER_PATHS = NO;
				ASSETCATALOG_COMPILER_GENERATE_SWIFT_ASSET_SYMBOL_EXTENSIONS = YES;
				CLANG_ANALYZER_NONNULL = YES;
				CLANG_ANALYZER_NUMBER_OBJECT_CONVERSION = YES_AGGRESSIVE;
				CLANG_CXX_LANGUAGE_STANDARD = "gnu++20";
				CLANG_ENABLE_MODULES = YES;
				CLANG_ENABLE_OBJC_ARC = YES;
				CLANG_ENABLE_OBJC_WEAK = YES;
				CLANG_WARN_BLOCK_CAPTURE_AUTORELEASING = YES;
				CLANG_WARN_BOOL_CONVERSION = YES;
				CLANG_WARN_COMMA = YES;
				CLANG_WARN_CONSTANT_CONVERSION = YES;
				CLANG_WARN_DEPRECATED_OBJC_IMPLEMENTATIONS = YES;
				CLANG_WARN_DIRECT_OBJC_ISA_USAGE = YES_ERROR;
				CLANG_WARN_DOCUMENTATION_COMMENTS = YES;
				CLANG_WARN_EMPTY_BODY = YES;
				CLANG_WARN_ENUM_CONVERSION = YES;
				CLANG_WARN_INFINITE_RECURSION = YES;
				CLANG_WARN_INT_CONVERSION = YES;
				CLANG_WARN_NON_LITERAL_NULL_CONVERSION = YES;
				CLANG_WARN_OBJC_IMPLICIT_RETAIN_SELF = YES;
				CLANG_WARN_OBJC_LITERAL_CONVERSION = YES;
				CLANG_WARN_OBJC_ROOT_CLASS = YES_ERROR;
				CLANG_WARN_QUOTED_INCLUDE_IN_FRAMEWORK_HEADER = YES;
				CLANG_WARN_RANGE_LOOP_ANALYSIS = YES;
				CLANG_WARN_STRICT_PROTOTYPES = YES;
				CLANG_WARN_SUSPICIOUS_MOVE = YES;
				CLANG_WARN_UNGUARDED_AVAILABILITY = YES_AGGRESSIVE;
				CLANG_WARN_UNREACHABLE_CODE = YES;
				CLANG_WARN__DUPLICATE_METHOD_MATCH = YES;
				COPY_PHASE_STRIP = NO;
				DEBUG_INFORMATION_FORMAT = "dwarf-with-dsym";
				ENABLE_NS_ASSERTIONS = NO;
				ENABLE_STRICT_OBJC_MSGSEND = YES;
				ENABLE_USER_SCRIPT_SANDBOXING = YES;
				GCC_C_LANGUAGE_STANDARD = gnu17;
				GCC_NO_COMMON_BLOCKS = YES;
				GCC_WARN_64_TO_32_BIT_CONVERSION = YES;
				GCC_WARN_ABOUT_RETURN_TYPE = YES_ERROR;
				GCC_WARN_UNDECLARED_SELECTOR = YES;
				GCC_WARN_UNINITIALIZED_AUTOS = YES_AGGRESSIVE;
				GCC_WARN_UNUSED_FUNCTION = YES;
				GCC_WARN_UNUSED_VARIABLE = YES;
				IPHONEOS_DEPLOYMENT_TARGET = 17.0;
				LOCALIZATION_PREFERS_STRING_CATALOGS = YES;
				MTL_ENABLE_DEBUG_INFO = NO;
				MTL_FAST_MATH = YES;
				SDKROOT = iphoneos;
				SWIFT_COMPILATION_MODE = wholemodule;
				VALIDATE_PRODUCT = YES;
			};
			name = Release;
		};
		2DC639E72BF3CCBC00A72C7F /* Debug */ = {
			isa = XCBuildConfiguration;
			buildSettings = {
				ALWAYS_EMBED_SWIFT_STANDARD_LIBRARIES = YES;
				ASSETCATALOG_COMPILER_APPICON_NAME = AppIcon;
				ASSETCATALOG_COMPILER_GLOBAL_ACCENT_COLOR_NAME = AccentColor;
				CODE_SIGN_STYLE = Automatic;
				CURRENT_PROJECT_VERSION = 1;
				DEVELOPMENT_ASSET_PATHS = "\"metro-now/Preview Content\"";
				DEVELOPMENT_TEAM = R6WU5ABNG2;
				ENABLE_PREVIEWS = YES;
				GENERATE_INFOPLIST_FILE = YES;
				INFOPLIST_KEY_CFBundleDisplayName = "metro-now";
				INFOPLIST_KEY_LSApplicationCategoryType = "public.app-category.navigation";
				INFOPLIST_KEY_NSLocationWhenInUseUsageDescription = "This app needs your location to find metro stations near you";
				INFOPLIST_KEY_UIApplicationSceneManifest_Generation = YES;
				INFOPLIST_KEY_UIApplicationSupportsIndirectInputEvents = YES;
				INFOPLIST_KEY_UILaunchScreen_Generation = YES;
				INFOPLIST_KEY_UISupportedInterfaceOrientations_iPad = "UIInterfaceOrientationPortrait UIInterfaceOrientationPortraitUpsideDown UIInterfaceOrientationLandscapeLeft UIInterfaceOrientationLandscapeRight";
				INFOPLIST_KEY_UISupportedInterfaceOrientations_iPhone = "UIInterfaceOrientationPortrait UIInterfaceOrientationLandscapeLeft UIInterfaceOrientationLandscapeRight";
				IPHONEOS_DEPLOYMENT_TARGET = 17.0;
				LD_RUNPATH_SEARCH_PATHS = (
					"$(inherited)",
					"@executable_path/Frameworks",
				);
				MARKETING_VERSION = 1.0;
				PRODUCT_BUNDLE_IDENTIFIER = "com.krystof.metro-now";
				PRODUCT_NAME = "$(TARGET_NAME)";
				SWIFT_EMIT_LOC_STRINGS = YES;
				SWIFT_VERSION = 5.0;
				TARGETED_DEVICE_FAMILY = "1,2";
			};
			name = Debug;
		};
		2DC639E82BF3CCBC00A72C7F /* Release */ = {
			isa = XCBuildConfiguration;
			buildSettings = {
				ALWAYS_EMBED_SWIFT_STANDARD_LIBRARIES = YES;
				ASSETCATALOG_COMPILER_APPICON_NAME = AppIcon;
				ASSETCATALOG_COMPILER_GLOBAL_ACCENT_COLOR_NAME = AccentColor;
				CODE_SIGN_STYLE = Automatic;
				CURRENT_PROJECT_VERSION = 1;
				DEVELOPMENT_ASSET_PATHS = "\"metro-now/Preview Content\"";
				DEVELOPMENT_TEAM = R6WU5ABNG2;
				ENABLE_PREVIEWS = YES;
				GENERATE_INFOPLIST_FILE = YES;
				INFOPLIST_KEY_CFBundleDisplayName = "metro-now";
				INFOPLIST_KEY_LSApplicationCategoryType = "public.app-category.navigation";
				INFOPLIST_KEY_NSLocationWhenInUseUsageDescription = "This app needs your location to find metro stations near you";
				INFOPLIST_KEY_UIApplicationSceneManifest_Generation = YES;
				INFOPLIST_KEY_UIApplicationSupportsIndirectInputEvents = YES;
				INFOPLIST_KEY_UILaunchScreen_Generation = YES;
				INFOPLIST_KEY_UISupportedInterfaceOrientations_iPad = "UIInterfaceOrientationPortrait UIInterfaceOrientationPortraitUpsideDown UIInterfaceOrientationLandscapeLeft UIInterfaceOrientationLandscapeRight";
				INFOPLIST_KEY_UISupportedInterfaceOrientations_iPhone = "UIInterfaceOrientationPortrait UIInterfaceOrientationLandscapeLeft UIInterfaceOrientationLandscapeRight";
				IPHONEOS_DEPLOYMENT_TARGET = 17.0;
				LD_RUNPATH_SEARCH_PATHS = (
					"$(inherited)",
					"@executable_path/Frameworks",
				);
				MARKETING_VERSION = 1.0;
				PRODUCT_BUNDLE_IDENTIFIER = "com.krystof.metro-now";
				PRODUCT_NAME = "$(TARGET_NAME)";
				SWIFT_EMIT_LOC_STRINGS = YES;
				SWIFT_VERSION = 5.0;
				TARGETED_DEVICE_FAMILY = "1,2";
			};
			name = Release;
		};
		2DC63A1F2BF50E8F00A72C7F /* Debug */ = {
			isa = XCBuildConfiguration;
			buildSettings = {
				BUNDLE_LOADER = "$(TEST_HOST)";
				CODE_SIGN_STYLE = Automatic;
				CURRENT_PROJECT_VERSION = 1;
				DEVELOPMENT_TEAM = R6WU5ABNG2;
				GENERATE_INFOPLIST_FILE = YES;
				IPHONEOS_DEPLOYMENT_TARGET = 17.0;
				MARKETING_VERSION = 1.0;
				PRODUCT_BUNDLE_IDENTIFIER = "com.krystof.metro-now-tests";
				PRODUCT_NAME = "$(TARGET_NAME)";
				SWIFT_EMIT_LOC_STRINGS = NO;
				SWIFT_VERSION = 5.0;
				TARGETED_DEVICE_FAMILY = "1,2";
				TEST_HOST = "$(BUILT_PRODUCTS_DIR)/metro-now.app/$(BUNDLE_EXECUTABLE_FOLDER_PATH)/metro-now";
			};
			name = Debug;
		};
		2DC63A202BF50E8F00A72C7F /* Release */ = {
			isa = XCBuildConfiguration;
			buildSettings = {
				BUNDLE_LOADER = "$(TEST_HOST)";
				CODE_SIGN_STYLE = Automatic;
				CURRENT_PROJECT_VERSION = 1;
				DEVELOPMENT_TEAM = R6WU5ABNG2;
				GENERATE_INFOPLIST_FILE = YES;
				IPHONEOS_DEPLOYMENT_TARGET = 17.0;
				MARKETING_VERSION = 1.0;
				PRODUCT_BUNDLE_IDENTIFIER = "com.krystof.metro-now-tests";
				PRODUCT_NAME = "$(TARGET_NAME)";
				SWIFT_EMIT_LOC_STRINGS = NO;
				SWIFT_VERSION = 5.0;
				TARGETED_DEVICE_FAMILY = "1,2";
				TEST_HOST = "$(BUILT_PRODUCTS_DIR)/metro-now.app/$(BUNDLE_EXECUTABLE_FOLDER_PATH)/metro-now";
			};
			name = Release;
		};
		2DF48A562C01F186002F754E /* Debug */ = {
			isa = XCBuildConfiguration;
			buildSettings = {
				ASSETCATALOG_COMPILER_GLOBAL_ACCENT_COLOR_NAME = AccentColor;
				ASSETCATALOG_COMPILER_WIDGET_BACKGROUND_COLOR_NAME = WidgetBackground;
				CODE_SIGN_STYLE = Automatic;
				CURRENT_PROJECT_VERSION = 1;
				DEVELOPMENT_TEAM = R6WU5ABNG2;
				GENERATE_INFOPLIST_FILE = YES;
				INFOPLIST_FILE = "metro-now-widgets/Info.plist";
				INFOPLIST_KEY_CFBundleDisplayName = "metro-now-widgets";
				INFOPLIST_KEY_NSHumanReadableCopyright = "";
				IPHONEOS_DEPLOYMENT_TARGET = 17.5;
				LD_RUNPATH_SEARCH_PATHS = (
					"$(inherited)",
					"@executable_path/Frameworks",
					"@executable_path/../../Frameworks",
				);
				MARKETING_VERSION = 1.0;
				PRODUCT_BUNDLE_IDENTIFIER = "com.krystof.metro-now.metro-now-widgets";
				PRODUCT_NAME = "$(TARGET_NAME)";
				SKIP_INSTALL = YES;
				SWIFT_EMIT_LOC_STRINGS = YES;
				SWIFT_VERSION = 5.0;
				TARGETED_DEVICE_FAMILY = "1,2";
			};
			name = Debug;
		};
		2DF48A572C01F186002F754E /* Release */ = {
			isa = XCBuildConfiguration;
			buildSettings = {
				ASSETCATALOG_COMPILER_GLOBAL_ACCENT_COLOR_NAME = AccentColor;
				ASSETCATALOG_COMPILER_WIDGET_BACKGROUND_COLOR_NAME = WidgetBackground;
				CODE_SIGN_STYLE = Automatic;
				CURRENT_PROJECT_VERSION = 1;
				DEVELOPMENT_TEAM = R6WU5ABNG2;
				GENERATE_INFOPLIST_FILE = YES;
				INFOPLIST_FILE = "metro-now-widgets/Info.plist";
				INFOPLIST_KEY_CFBundleDisplayName = "metro-now-widgets";
				INFOPLIST_KEY_NSHumanReadableCopyright = "";
				IPHONEOS_DEPLOYMENT_TARGET = 17.5;
				LD_RUNPATH_SEARCH_PATHS = (
					"$(inherited)",
					"@executable_path/Frameworks",
					"@executable_path/../../Frameworks",
				);
				MARKETING_VERSION = 1.0;
				PRODUCT_BUNDLE_IDENTIFIER = "com.krystof.metro-now.metro-now-widgets";
				PRODUCT_NAME = "$(TARGET_NAME)";
				SKIP_INSTALL = YES;
				SWIFT_EMIT_LOC_STRINGS = YES;
				SWIFT_VERSION = 5.0;
				TARGETED_DEVICE_FAMILY = "1,2";
			};
			name = Release;
		};
/* End XCBuildConfiguration section */

/* Begin XCConfigurationList section */
		2D4486942BFAA10B005C59CE /* Build configuration list for PBXNativeTarget "metro-now-watch Watch App" */ = {
			isa = XCConfigurationList;
			buildConfigurations = (
				2D4486922BFAA10B005C59CE /* Debug */,
				2D4486932BFAA10B005C59CE /* Release */,
			);
			defaultConfigurationIsVisible = 0;
			defaultConfigurationName = Release;
		};
		2DC639D32BF3CCBA00A72C7F /* Build configuration list for PBXProject "metro-now" */ = {
			isa = XCConfigurationList;
			buildConfigurations = (
				2DC639E42BF3CCBC00A72C7F /* Debug */,
				2DC639E52BF3CCBC00A72C7F /* Release */,
			);
			defaultConfigurationIsVisible = 0;
			defaultConfigurationName = Release;
		};
		2DC639E62BF3CCBC00A72C7F /* Build configuration list for PBXNativeTarget "metro-now" */ = {
			isa = XCConfigurationList;
			buildConfigurations = (
				2DC639E72BF3CCBC00A72C7F /* Debug */,
				2DC639E82BF3CCBC00A72C7F /* Release */,
			);
			defaultConfigurationIsVisible = 0;
			defaultConfigurationName = Release;
		};
		2DC63A1E2BF50E8F00A72C7F /* Build configuration list for PBXNativeTarget "metro-now-tests" */ = {
			isa = XCConfigurationList;
			buildConfigurations = (
				2DC63A1F2BF50E8F00A72C7F /* Debug */,
				2DC63A202BF50E8F00A72C7F /* Release */,
			);
			defaultConfigurationIsVisible = 0;
			defaultConfigurationName = Release;
		};
		2DF48A582C01F186002F754E /* Build configuration list for PBXNativeTarget "metro-now-widgetsExtension" */ = {
			isa = XCConfigurationList;
			buildConfigurations = (
				2DF48A562C01F186002F754E /* Debug */,
				2DF48A572C01F186002F754E /* Release */,
			);
			defaultConfigurationIsVisible = 0;
			defaultConfigurationName = Release;
		};
/* End XCConfigurationList section */
	};
	rootObject = 2DC639D02BF3CCBA00A72C7F /* Project object */;
}
